{
  "version": 4,
  "terraform_version": "1.15.5",
  "serial": 234,
  "lineage": "e9029c7c-3202-45d1-97ce-74d636a00e9b",
  "outputs": {
    "azs": {
      "value": [
        "us-east-1a",
        "us-east-1b",
        "us-east-1c",
        "us-east-1d",
        "us-east-1e",
        "us-east-1f"
      ],
      "type": [
        "list",
        "string"
      ]
    },
    "cluster_arn": {
      "value": "arn:aws:eks:us-east-1:255445075489:cluster/hr-stag-eksdemo1",
      "type": "string"
    },
    "cluster_certificate_authority_data": {
      "value": "LS0tLS1CRUdJTiBDRVJUSUZJQ0FURS0tLS0tCk1JSURCVENDQWUyZ0F3SUJBZ0lJV3NBalNqQVJDN1l3RFFZSktvWklodmNOQVFFTEJRQXdGVEVUTUJFR0ExVUUKQXhNS2EzVmlaWEp1WlhSbGN6QWVGdzB5TmpBMU16QXdPRFV5TURCYUZ3MHpOakExTWpjd09EVTNNREJhTUJVeApFekFSQmdOVkJBTVRDbXQxWW1WeWJtVjBaWE13Z2dFaU1BMEdDU3FHU0liM0RRRUJBUVVBQTRJQkR3QXdnZ0VLCkFvSUJBUUNrYnZzd2dZbytkVERvV3MrK05LWitqWndzaGZ3dFdMRnV3cURRYnRZQ0F4TWZjR2JyMnIxMWRBMTkKU2hoNHBwU082aitkbEFiTjc1OFB5T2I0R0VxWlpxWmxDanYwOE1IeTBlWXYycmhBNENUYUlrampseHZSbDcwOApsOTExdUd4THpnOGx4N0w1RWZSQXlzMDRHdXNEdFZPYVZxSkdheXJZUkVwdUlrSjZUYTZYYmpCcTBHSllzdFEyClV4K0NXNUwxcnVyYi9TUHh2N3NIY3Z2Y1VVRDg5VjlIMmlBb3VoNmJRVmlBWi9mNmtjS1BDeFhSNTlMZE4rTG0KYm54SVlSTzFScHMvdDVtOWx4bnNQcklVRGFtU201WnQxWDdVcjhIS3FCeFNXN3d3dWYrMm90UGhNRktyUDV1SApybytvZ1IwSk44ZXpTU0g1L0dCNTFmU2thaGZKQWdNQkFBR2pXVEJYTUE0R0ExVWREd0VCL3dRRUF3SUNwREFQCkJnTlZIUk1CQWY4RUJUQURBUUgvTUIwR0ExVWREZ1FXQkJTUURBNS9WUmZ4VE9DamZzbkxuaDc1NVd1NDlUQVYKQmdOVkhSRUVEakFNZ2dwcmRXSmxjbTVsZEdWek1BMEdDU3FHU0liM0RRRUJDd1VBQTRJQkFRQ0E1TUYyWDJ2ZQpoWE80Rzl3ekk5NHJkNUtJaXdZUnJlbjd0VWxadFhUaGplRmVBVUJRRWRYVEhKd2dhVWtDc1BHcXJqbHNXN3VSCjFqbVI5NHJVbysrRFZzbWxadHd6ZG0rM3d4NzNxRlpUZld3TjROV3ZMVGw3ZlVXMUcxcUgyL25DRCtWRmFocSsKVlpYM0k1WXZZbmhnUDNGcDZrNUxtUytLM0tvY0ZKMFpmVisxQW5iL3M1VTlXSUg0b1FBTHI3OGJ4azFVeW5YbApuWTdKUmpiWkxIUjVOVkxXYnptL1VMeDdIcG4zUEFwMjcvL0dWeFFia043RmM5VDdLdEtJWUl6N0g2RlNBSkZhCklsMDhSK2ZUNnp4VDU5WVZHNTR4Vk0yZGpYVmJsZlgyeDloT2FtSEVBeDA3OHNvajZrZ1BjNEFVdks1bWx1Qm4KZkxxaEJDV3h5QnpxCi0tLS0tRU5EIENFUlRJRklDQVRFLS0tLS0K",
      "type": "string"
    },
    "cluster_endpoint": {
      "value": "https://E94D4412BDE680FCF6ADFEFBD8C21E86.gr7.us-east-1.eks.amazonaws.com",
      "type": "string"
    },
    "cluster_iam_role_arn": {
      "value": "arn:aws:iam::255445075489:role/hr-stag-eks-master-role",
      "type": "string"
    },
    "cluster_iam_role_name": {
      "value": "hr-stag-eks-master-role",
      "type": "string"
    },
    "cluster_id": {
      "value": "hr-stag-eksdemo1",
      "type": "string"
    },
    "cluster_oidc_issuer_url": {
      "value": "https://oidc.eks.us-east-1.amazonaws.com/id/E94D4412BDE680FCF6ADFEFBD8C21E86",
      "type": "string"
    },
    "cluster_primary_security_group_id": {
      "value": "sg-075474d2aaf2c867f",
      "type": "string"
    },
    "cluster_version": {
      "value": "1.35",
      "type": "string"
    },
    "ec2_bastion_public_instance_ids": {
      "value": "i-039fc3ad53d7256fd",
      "type": "string"
    },
    "ec2_bastion_public_ip": {
      "value": "52.7.187.140",
      "type": "string"
    },
    "nat_public_ips": {
      "value": [
        "184.73.204.104"
      ],
      "type": [
        "list",
        "string"
      ]
    },
    "private_subnets": {
      "value": [
        "subnet-08182d6120f1d462a",
        "subnet-0b917e92bffd1d240"
      ],
      "type": [
        "tuple",
        [
          "string",
          "string"
        ]
      ]
    },
    "public_subnets": {
      "value": [
        "subnet-00ca5ef817c7cf631",
        "subnet-0335855ce0354ba75"
      ],
      "type": [
        "tuple",
        [
          "string",
          "string"
        ]
      ]
    },
    "vpc_cidr_block": {
      "value": "10.0.0.0/16",
      "type": "string"
    },
    "vpc_id": {
      "value": "vpc-004e6a1145854501e",
      "type": "string"
    }
  },
  "resources": [
    {
      "mode": "data",
      "type": "aws_ami",
      "name": "amzlinux2",
      "provider": "provider[\"registry.terraform.io/hashicorp/aws\"]",
      "instances": [
        {
          "schema_version": 0,
          "attributes": {
            "allow_unsafe_filter": null,
            "architecture": "x86_64",
            "arn": "arn:aws:ec2:us-east-1::image/ami-046b36f55e189564a",
            "block_device_mappings": [
              {
                "device_name": "/dev/xvda",
                "ebs": {
                  "delete_on_termination": "true",
                  "encrypted": "false",
                  "iops": "0",
                  "snapshot_id": "snap-0807d8e65153b3344",
                  "throughput": "0",
                  "volume_initialization_rate": "0",
                  "volume_size": "8",
                  "volume_type": "gp2"
                },
                "no_device": "",
                "virtual_name": ""
              }
            ],
            "boot_mode": "",
            "creation_date": "2026-05-21T18:12:49.000Z",
            "deprecation_time": "2026-08-19T18:48:00.000Z",
            "description": "Amazon Linux 2 AMI 2.0.20260526.0 x86_64 HVM gp2",
            "ena_support": true,
            "executable_users": null,
            "filter": [
              {
                "name": "architecture",
                "values": [
                  "x86_64"
                ]
              },
              {
                "name": "name",
                "values": [
                  "amzn2-ami-hvm-*-gp2"
                ]
              },
              {
                "name": "root-device-type",
                "values": [
                  "ebs"
                ]
              },
              {
                "name": "virtualization-type",
                "values": [
                  "hvm"
                ]
              }
            ],
            "hypervisor": "xen",
            "id": "ami-046b36f55e189564a",
            "image_id": "ami-046b36f55e189564a",
            "image_location": "amazon/amzn2-ami-hvm-2.0.20260526.0-x86_64-gp2",
            "image_owner_alias": "amazon",
            "image_type": "machine",
            "imds_support": "",
            "include_deprecated": false,
            "kernel_id": "",
            "last_launched_time": "",
            "most_recent": true,
            "name": "amzn2-ami-hvm-2.0.20260526.0-x86_64-gp2",
            "name_regex": null,
            "owner_id": "137112412989",
            "owners": [
              "amazon"
            ],
            "platform": "",
            "platform_details": "Linux/UNIX",
            "product_codes": [],
            "public": true,
            "ramdisk_id": "",
            "region": "us-east-1",
            "root_device_name": "/dev/xvda",
            "root_device_type": "ebs",
            "root_snapshot_id": "snap-0807d8e65153b3344",
            "sriov_net_support": "simple",
            "state": "available",
            "state_reason": {
              "code": "UNSET",
              "message": "UNSET"
            },
            "tags": {},
            "timeouts": null,
            "tpm_support": "",
            "uefi_data": null,
            "usage_operation": "RunInstances",
            "virtualization_type": "hvm"
          },
          "sensitive_attributes": [],
          "identity_schema_version": 0
        }
      ]
    },
    {
      "mode": "data",
      "type": "aws_availability_zones",
      "name": "available",
      "provider": "provider[\"registry.terraform.io/hashicorp/aws\"]",
      "instances": [
        {
          "schema_version": 0,
          "attributes": {
            "all_availability_zones": null,
            "exclude_names": null,
            "exclude_zone_ids": null,
            "filter": null,
            "group_names": [
              "us-east-1-zg-1"
            ],
            "id": "us-east-1",
            "names": [
              "us-east-1a",
              "us-east-1b",
              "us-east-1c",
              "us-east-1d",
              "us-east-1e",
              "us-east-1f"
            ],
            "region": "us-east-1",
            "state": null,
            "timeouts": null,
            "zone_ids": [
              "use1-az1",
              "use1-az2",
              "use1-az4",
              "use1-az6",
              "use1-az3",
              "use1-az5"
            ]
          },
          "sensitive_attributes": [],
          "identity_schema_version": 0
        }
      ]
    },
    {
      "mode": "managed",
      "type": "aws_eip",
      "name": "bastion_eip",
      "provider": "provider[\"registry.terraform.io/hashicorp/aws\"]",
      "instances": [
        {
          "schema_version": 0,
          "attributes": {
            "address": null,
            "allocation_id": "eipalloc-0f49436baa571ce71",
            "arn": "arn:aws:ec2:us-east-1:255445075489:elastic-ip/eipalloc-0f49436baa571ce71",
            "associate_with_private_ip": null,
            "association_id": "eipassoc-006e26942547f0dbe",
            "carrier_ip": "",
            "customer_owned_ip": "",
            "customer_owned_ipv4_pool": "",
            "domain": "vpc",
            "id": "eipalloc-0f49436baa571ce71",
            "instance": "i-039fc3ad53d7256fd",
            "ipam_pool_id": "",
            "network_border_group": "us-east-1",
            "network_interface": "eni-0d321675b5453bbe8",
            "private_dns": "ip-10-0-101-206.ec2.internal",
            "private_ip": "10.0.101.206",
            "ptr_record": "",
            "public_dns": "ec2-52-7-187-140.compute-1.amazonaws.com",
            "public_ip": "52.7.187.140",
            "public_ipv4_pool": "amazon",
            "region": "us-east-1",
            "tags": {
              "environment": "stag",
              "owners": "hr"
            },
            "tags_all": {
              "environment": "stag",
              "owners": "hr"
            },
            "timeouts": null
          },
          "sensitive_attributes": [],
          "identity_schema_version": 0,
          "identity": {
            "account_id": "255445075489",
            "id": "eipalloc-0f49436baa571ce71",
            "region": "us-east-1"
          },
          "private": "eyJlMmJmYjczMC1lY2FhLTExZTYtOGY4OC0zNDM2M2JjN2M0YzAiOnsiZGVsZXRlIjoxODAwMDAwMDAwMDAsInJlYWQiOjkwMDAwMDAwMDAwMCwidXBkYXRlIjozMDAwMDAwMDAwMDB9fQ==",
          "dependencies": [
            "data.aws_ami.amzlinux2",
            "data.aws_availability_zones.available",
            "module.ec2_public.aws_ebs_volume.this",
            "module.ec2_public.aws_ec2_tag.spot_instance",
            "module.ec2_public.aws_eip.this",
            "module.ec2_public.aws_iam_instance_profile.this",
            "module.ec2_public.aws_iam_role.this",
            "module.ec2_public.aws_iam_role_policy_attachment.this",
            "module.ec2_public.aws_instance.ignore_ami",
            "module.ec2_public.aws_instance.this",
            "module.ec2_public.aws_security_group.this",
            "module.ec2_public.aws_spot_instance_request.this",
            "module.ec2_public.aws_volume_attachment.this",
            "module.ec2_public.aws_vpc_security_group_egress_rule.this",
            "module.ec2_public.aws_vpc_security_group_ingress_rule.this",
            "module.ec2_public.data.aws_iam_policy_document.assume_role_policy",
            "module.ec2_public.data.aws_partition.current",
            "module.ec2_public.data.aws_ssm_parameter.this",
            "module.ec2_public.data.aws_subnet.this",
            "module.public_bastion_sg.aws_security_group.this",
            "module.public_bastion_sg.aws_security_group.this_name_prefix",
            "module.vpc.aws_cloudwatch_log_group.flow_log",
            "module.vpc.aws_customer_gateway.this",
            "module.vpc.aws_db_subnet_group.database",
            "module.vpc.aws_default_network_acl.this",
            "module.vpc.aws_default_route_table.default",
            "module.vpc.aws_default_security_group.this",
            "module.vpc.aws_default_vpc.this",
            "module.vpc.aws_egress_only_internet_gateway.this",
            "module.vpc.aws_eip.nat",
            "module.vpc.aws_elasticache_subnet_group.elasticache",
            "module.vpc.aws_flow_log.this",
            "module.vpc.aws_iam_policy.vpc_flow_log_cloudwatch",
            "module.vpc.aws_iam_role.vpc_flow_log_cloudwatch",
            "module.vpc.aws_iam_role_policy_attachment.vpc_flow_log_cloudwatch",
            "module.vpc.aws_internet_gateway.this",
            "module.vpc.aws_nat_gateway.this",
            "module.vpc.aws_network_acl.database",
            "module.vpc.aws_network_acl.elasticache",
            "module.vpc.aws_network_acl.intra",
            "module.vpc.aws_network_acl.outpost",
            "module.vpc.aws_network_acl.private",
            "module.vpc.aws_network_acl.public",
            "module.vpc.aws_network_acl.redshift",
            "module.vpc.aws_network_acl_rule.database_inbound",
            "module.vpc.aws_network_acl_rule.database_outbound",
            "module.vpc.aws_network_acl_rule.elasticache_inbound",
            "module.vpc.aws_network_acl_rule.elasticache_outbound",
            "module.vpc.aws_network_acl_rule.intra_inbound",
            "module.vpc.aws_network_acl_rule.intra_outbound",
            "module.vpc.aws_network_acl_rule.outpost_inbound",
            "module.vpc.aws_network_acl_rule.outpost_outbound",
            "module.vpc.aws_network_acl_rule.private_inbound",
            "module.vpc.aws_network_acl_rule.private_outbound",
            "module.vpc.aws_network_acl_rule.public_inbound",
            "module.vpc.aws_network_acl_rule.public_outbound",
            "module.vpc.aws_network_acl_rule.redshift_inbound",
            "module.vpc.aws_network_acl_rule.redshift_outbound",
            "module.vpc.aws_redshift_subnet_group.redshift",
            "module.vpc.aws_route.database_dns64_nat_gateway",
            "module.vpc.aws_route.database_internet_gateway",
            "module.vpc.aws_route.database_ipv6_egress",
            "module.vpc.aws_route.database_nat_gateway",
            "module.vpc.aws_route.private_dns64_nat_gateway",
            "module.vpc.aws_route.private_ipv6_egress",
            "module.vpc.aws_route.private_nat_gateway",
            "module.vpc.aws_route.public_internet_gateway",
            "module.vpc.aws_route.public_internet_gateway_ipv6",
            "module.vpc.aws_route_table.database",
            "module.vpc.aws_route_table.elasticache",
            "module.vpc.aws_route_table.intra",
            "module.vpc.aws_route_table.private",
            "module.vpc.aws_route_table.public",
            "module.vpc.aws_route_table.redshift",
            "module.vpc.aws_route_table_association.database",
            "module.vpc.aws_route_table_association.elasticache",
            "module.vpc.aws_route_table_association.intra",
            "module.vpc.aws_route_table_association.outpost",
            "module.vpc.aws_route_table_association.private",
            "module.vpc.aws_route_table_association.public",
            "module.vpc.aws_route_table_association.redshift",
            "module.vpc.aws_route_table_association.redshift_public",
            "module.vpc.aws_subnet.database",
            "module.vpc.aws_subnet.elasticache",
            "module.vpc.aws_subnet.intra",
            "module.vpc.aws_subnet.outpost",
            "module.vpc.aws_subnet.private",
            "module.vpc.aws_subnet.public",
            "module.vpc.aws_subnet.redshift",
            "module.vpc.aws_vpc.this",
            "module.vpc.aws_vpc_dhcp_options.this",
            "module.vpc.aws_vpc_dhcp_options_association.this",
            "module.vpc.aws_vpc_ipv4_cidr_block_association.this",
            "module.vpc.aws_vpn_gateway.this",
            "module.vpc.aws_vpn_gateway_attachment.this",
            "module.vpc.aws_vpn_gateway_route_propagation.intra",
            "module.vpc.aws_vpn_gateway_route_propagation.private",
            "module.vpc.aws_vpn_gateway_route_propagation.public",
            "module.vpc.data.aws_iam_policy_document.flow_log_cloudwatch_assume_role",
            "module.vpc.data.aws_iam_policy_document.vpc_flow_log_cloudwatch"
          ]
        }
      ]
    },
    {
      "mode": "managed",
      "type": "aws_eks_cluster",
      "name": "eks_cluster",
      "provider": "provider[\"registry.terraform.io/hashicorp/aws\"]",
      "instances": [
        {
          "schema_version": 1,
          "attributes": {
            "access_config": [
              {
                "authentication_mode": "CONFIG_MAP",
                "bootstrap_cluster_creator_admin_permissions": true
              }
            ],
            "arn": "arn:aws:eks:us-east-1:255445075489:cluster/hr-stag-eksdemo1",
            "bootstrap_self_managed_addons": true,
            "certificate_authority": [
              {
                "data": "LS0tLS1CRUdJTiBDRVJUSUZJQ0FURS0tLS0tCk1JSURCVENDQWUyZ0F3SUJBZ0lJV3NBalNqQVJDN1l3RFFZSktvWklodmNOQVFFTEJRQXdGVEVUTUJFR0ExVUUKQXhNS2EzVmlaWEp1WlhSbGN6QWVGdzB5TmpBMU16QXdPRFV5TURCYUZ3MHpOakExTWpjd09EVTNNREJhTUJVeApFekFSQmdOVkJBTVRDbXQxWW1WeWJtVjBaWE13Z2dFaU1BMEdDU3FHU0liM0RRRUJBUVVBQTRJQkR3QXdnZ0VLCkFvSUJBUUNrYnZzd2dZbytkVERvV3MrK05LWitqWndzaGZ3dFdMRnV3cURRYnRZQ0F4TWZjR2JyMnIxMWRBMTkKU2hoNHBwU082aitkbEFiTjc1OFB5T2I0R0VxWlpxWmxDanYwOE1IeTBlWXYycmhBNENUYUlrampseHZSbDcwOApsOTExdUd4THpnOGx4N0w1RWZSQXlzMDRHdXNEdFZPYVZxSkdheXJZUkVwdUlrSjZUYTZYYmpCcTBHSllzdFEyClV4K0NXNUwxcnVyYi9TUHh2N3NIY3Z2Y1VVRDg5VjlIMmlBb3VoNmJRVmlBWi9mNmtjS1BDeFhSNTlMZE4rTG0KYm54SVlSTzFScHMvdDVtOWx4bnNQcklVRGFtU201WnQxWDdVcjhIS3FCeFNXN3d3dWYrMm90UGhNRktyUDV1SApybytvZ1IwSk44ZXpTU0g1L0dCNTFmU2thaGZKQWdNQkFBR2pXVEJYTUE0R0ExVWREd0VCL3dRRUF3SUNwREFQCkJnTlZIUk1CQWY4RUJUQURBUUgvTUIwR0ExVWREZ1FXQkJTUURBNS9WUmZ4VE9DamZzbkxuaDc1NVd1NDlUQVYKQmdOVkhSRUVEakFNZ2dwcmRXSmxjbTVsZEdWek1BMEdDU3FHU0liM0RRRUJDd1VBQTRJQkFRQ0E1TUYyWDJ2ZQpoWE80Rzl3ekk5NHJkNUtJaXdZUnJlbjd0VWxadFhUaGplRmVBVUJRRWRYVEhKd2dhVWtDc1BHcXJqbHNXN3VSCjFqbVI5NHJVbysrRFZzbWxadHd6ZG0rM3d4NzNxRlpUZld3TjROV3ZMVGw3ZlVXMUcxcUgyL25DRCtWRmFocSsKVlpYM0k1WXZZbmhnUDNGcDZrNUxtUytLM0tvY0ZKMFpmVisxQW5iL3M1VTlXSUg0b1FBTHI3OGJ4azFVeW5YbApuWTdKUmpiWkxIUjVOVkxXYnptL1VMeDdIcG4zUEFwMjcvL0dWeFFia043RmM5VDdLdEtJWUl6N0g2RlNBSkZhCklsMDhSK2ZUNnp4VDU5WVZHNTR4Vk0yZGpYVmJsZlgyeDloT2FtSEVBeDA3OHNvajZrZ1BjNEFVdks1bWx1Qm4KZkxxaEJDV3h5QnpxCi0tLS0tRU5EIENFUlRJRklDQVRFLS0tLS0K"
              }
            ],
            "cluster_id": null,
            "compute_config": [
              {
                "enabled": false,
                "node_pools": [],
                "node_role_arn": ""
              }
            ],
            "control_plane_scaling_config": [
              {
                "tier": "standard"
              }
            ],
            "created_at": "2026-05-30T08:51:46Z",
            "deletion_protection": false,
            "enabled_cluster_log_types": [
              "api",
              "audit",
              "authenticator",
              "controllerManager",
              "scheduler"
            ],
            "encryption_config": [],
            "endpoint": "https://E94D4412BDE680FCF6ADFEFBD8C21E86.gr7.us-east-1.eks.amazonaws.com",
            "force_update_version": null,
            "id": "hr-stag-eksdemo1",
            "identity": [
              {
                "oidc": [
                  {
                    "issuer": "https://oidc.eks.us-east-1.amazonaws.com/id/E94D4412BDE680FCF6ADFEFBD8C21E86"
                  }
                ]
              }
            ],
            "kubernetes_network_config": [
              {
                "elastic_load_balancing": [
                  {
                    "enabled": false
                  }
                ],
                "ip_family": "ipv4",
                "service_ipv4_cidr": "172.20.0.0/16",
                "service_ipv6_cidr": ""
              }
            ],
            "name": "hr-stag-eksdemo1",
            "outpost_config": [],
            "platform_version": "eks.71",
            "region": "us-east-1",
            "remote_network_config": [],
            "role_arn": "arn:aws:iam::255445075489:role/hr-stag-eks-master-role",
            "status": "ACTIVE",
            "storage_config": [
              {
                "block_storage": [
                  {
                    "enabled": false
                  }
                ]
              }
            ],
            "tags": {},
            "tags_all": {},
            "timeouts": null,
            "upgrade_policy": [
              {
                "support_type": "EXTENDED"
              }
            ],
            "version": "1.35",
            "vpc_config": [
              {
                "cluster_security_group_id": "sg-075474d2aaf2c867f",
                "endpoint_private_access": false,
                "endpoint_public_access": true,
                "public_access_cidrs": [
                  "0.0.0.0/0"
                ],
                "security_group_ids": [],
                "subnet_ids": [
                  "subnet-00ca5ef817c7cf631",
                  "subnet-0335855ce0354ba75"
                ],
                "vpc_id": "vpc-004e6a1145854501e"
              }
            ],
            "zonal_shift_config": []
          },
          "sensitive_attributes": [],
          "identity_schema_version": 0,
          "identity": {
            "account_id": "255445075489",
            "name": "hr-stag-eksdemo1",
            "region": "us-east-1"
          },
          "private": "eyJlMmJmYjczMC1lY2FhLTExZTYtOGY4OC0zNDM2M2JjN2M0YzAiOnsiY3JlYXRlIjoxODAwMDAwMDAwMDAwLCJkZWxldGUiOjkwMDAwMDAwMDAwMCwidXBkYXRlIjozNjAwMDAwMDAwMDAwfSwic2NoZW1hX3ZlcnNpb24iOiIxIn0=",
          "dependencies": [
            "aws_iam_role.eks_master_role",
            "aws_iam_role_policy_attachment.eks-AmazonEKSClusterPolicy",
            "aws_iam_role_policy_attachment.eks-AmazonEKSVPCResourceController",
            "data.aws_availability_zones.available",
            "module.vpc.aws_subnet.public",
            "module.vpc.aws_vpc.this",
            "module.vpc.aws_vpc_ipv4_cidr_block_association.this"
          ]
        }
      ]
    },
    {
      "mode": "managed",
      "type": "aws_iam_role",
      "name": "eks_master_role",
      "provider": "provider[\"registry.terraform.io/hashicorp/aws\"]",
      "instances": [
        {
          "schema_version": 0,
          "attributes": {
            "arn": "arn:aws:iam::255445075489:role/hr-stag-eks-master-role",
            "assume_role_policy": "{\"Statement\":[{\"Action\":\"sts:AssumeRole\",\"Effect\":\"Allow\",\"Principal\":{\"Service\":\"eks.amazonaws.com\"}}],\"Version\":\"2012-10-17\"}",
            "create_date": "2026-05-30T08:51:25Z",
            "description": "",
            "force_detach_policies": false,
            "id": "hr-stag-eks-master-role",
            "inline_policy": [],
            "managed_policy_arns": [
              "arn:aws:iam::aws:policy/AmazonEKSClusterPolicy",
              "arn:aws:iam::aws:policy/AmazonEKSVPCResourceController"
            ],
            "max_session_duration": 3600,
            "name": "hr-stag-eks-master-role",
            "name_prefix": "",
            "path": "/",
            "permissions_boundary": "",
            "tags": {},
            "tags_all": {},
            "unique_id": "AROATW6NWQYQRB5YJF2ED"
          },
          "sensitive_attributes": [],
          "identity_schema_version": 0,
          "identity": {
            "account_id": "255445075489",
            "name": "hr-stag-eks-master-role"
          },
          "private": "bnVsbA=="
        }
      ]
    },
    {
      "mode": "managed",
      "type": "aws_iam_role",
      "name": "eks_nodegroup_role",
      "provider": "provider[\"registry.terraform.io/hashicorp/aws\"]",
      "instances": [
        {
          "schema_version": 0,
          "attributes": {
            "arn": "arn:aws:iam::255445075489:role/hr-stag-eks-nodegroup-role",
            "assume_role_policy": "{\"Statement\":[{\"Action\":\"sts:AssumeRole\",\"Effect\":\"Allow\",\"Principal\":{\"Service\":\"ec2.amazonaws.com\"}}],\"Version\":\"2012-10-17\"}",
            "create_date": "2026-05-30T08:51:24Z",
            "description": "",
            "force_detach_policies": false,
            "id": "hr-stag-eks-nodegroup-role",
            "inline_policy": [],
            "managed_policy_arns": [
              "arn:aws:iam::aws:policy/AmazonEC2ContainerRegistryReadOnly",
              "arn:aws:iam::aws:policy/AmazonEKSWorkerNodePolicy",
              "arn:aws:iam::aws:policy/AmazonEKS_CNI_Policy"
            ],
            "max_session_duration": 3600,
            "name": "hr-stag-eks-nodegroup-role",
            "name_prefix": "",
            "path": "/",
            "permissions_boundary": "",
            "tags": {},
            "tags_all": {},
            "unique_id": "AROATW6NWQYQVSDW3YB4C"
          },
          "sensitive_attributes": [],
          "identity_schema_version": 0,
          "identity": {
            "account_id": "255445075489",
            "name": "hr-stag-eks-nodegroup-role"
          },
          "private": "bnVsbA=="
        }
      ]
    },
    {
      "mode": "managed",
      "type": "aws_iam_role_policy_attachment",
      "name": "eks-AmazonEC2ContainerRegistryReadOnly",
      "provider": "provider[\"registry.terraform.io/hashicorp/aws\"]",
      "instances": [
        {
          "schema_version": 0,
          "attributes": {
            "id": "hr-stag-eks-nodegroup-role/arn:aws:iam::aws:policy/AmazonEC2ContainerRegistryReadOnly",
            "policy_arn": "arn:aws:iam::aws:policy/AmazonEC2ContainerRegistryReadOnly",
            "role": "hr-stag-eks-nodegroup-role"
          },
          "sensitive_attributes": [],
          "identity_schema_version": 0,
          "identity": {
            "account_id": "255445075489",
            "policy_arn": "arn:aws:iam::aws:policy/AmazonEC2ContainerRegistryReadOnly",
            "role": "hr-stag-eks-nodegroup-role"
          },
          "private": "bnVsbA==",
          "dependencies": [
            "aws_iam_role.eks_nodegroup_role"
          ]
        }
      ]
    },
    {
      "mode": "managed",
      "type": "aws_iam_role_policy_attachment",
      "name": "eks-AmazonEKSClusterPolicy",
      "provider": "provider[\"registry.terraform.io/hashicorp/aws\"]",
      "instances": [
        {
          "schema_version": 0,
          "attributes": {
            "id": "hr-stag-eks-master-role/arn:aws:iam::aws:policy/AmazonEKSClusterPolicy",
            "policy_arn": "arn:aws:iam::aws:policy/AmazonEKSClusterPolicy",
            "role": "hr-stag-eks-master-role"
          },
          "sensitive_attributes": [],
          "identity_schema_version": 0,
          "identity": {
            "account_id": "255445075489",
            "policy_arn": "arn:aws:iam::aws:policy/AmazonEKSClusterPolicy",
            "role": "hr-stag-eks-master-role"
          },
          "private": "bnVsbA==",
          "dependencies": [
            "aws_iam_role.eks_master_role"
          ]
        }
      ]
    },
    {
      "mode": "managed",
      "type": "aws_iam_role_policy_attachment",
      "name": "eks-AmazonEKSVPCResourceController",
      "provider": "provider[\"registry.terraform.io/hashicorp/aws\"]",
      "instances": [
        {
          "schema_version": 0,
          "attributes": {
            "id": "hr-stag-eks-master-role/arn:aws:iam::aws:policy/AmazonEKSVPCResourceController",
            "policy_arn": "arn:aws:iam::aws:policy/AmazonEKSVPCResourceController",
            "role": "hr-stag-eks-master-role"
          },
          "sensitive_attributes": [],
          "identity_schema_version": 0,
          "identity": {
            "account_id": "255445075489",
            "policy_arn": "arn:aws:iam::aws:policy/AmazonEKSVPCResourceController",
            "role": "hr-stag-eks-master-role"
          },
          "private": "bnVsbA==",
          "dependencies": [
            "aws_iam_role.eks_master_role"
          ]
        }
      ]
    },
    {
      "mode": "managed",
      "type": "aws_iam_role_policy_attachment",
      "name": "eks-AmazonEKSWorkerNodePolicy",
      "provider": "provider[\"registry.terraform.io/hashicorp/aws\"]",
      "instances": [
        {
          "schema_version": 0,
          "attributes": {
            "id": "hr-stag-eks-nodegroup-role/arn:aws:iam::aws:policy/AmazonEKSWorkerNodePolicy",
            "policy_arn": "arn:aws:iam::aws:policy/AmazonEKSWorkerNodePolicy",
            "role": "hr-stag-eks-nodegroup-role"
          },
          "sensitive_attributes": [],
          "identity_schema_version": 0,
          "identity": {
            "account_id": "255445075489",
            "policy_arn": "arn:aws:iam::aws:policy/AmazonEKSWorkerNodePolicy",
            "role": "hr-stag-eks-nodegroup-role"
          },
          "private": "bnVsbA==",
          "dependencies": [
            "aws_iam_role.eks_nodegroup_role"
          ]
        }
      ]
    },
    {
      "mode": "managed",
      "type": "aws_iam_role_policy_attachment",
      "name": "eks-AmazonEKS_CNI_Policy",
      "provider": "provider[\"registry.terraform.io/hashicorp/aws\"]",
      "instances": [
        {
          "schema_version": 0,
          "attributes": {
            "id": "hr-stag-eks-nodegroup-role/arn:aws:iam::aws:policy/AmazonEKS_CNI_Policy",
            "policy_arn": "arn:aws:iam::aws:policy/AmazonEKS_CNI_Policy",
            "role": "hr-stag-eks-nodegroup-role"
          },
          "sensitive_attributes": [],
          "identity_schema_version": 0,
          "identity": {
            "account_id": "255445075489",
            "policy_arn": "arn:aws:iam::aws:policy/AmazonEKS_CNI_Policy",
            "role": "hr-stag-eks-nodegroup-role"
          },
          "private": "bnVsbA==",
          "dependencies": [
            "aws_iam_role.eks_nodegroup_role"
          ]
        }
      ]
    },
    {
      "mode": "managed",
      "type": "aws_key_pair",
      "name": "eks_key",
      "provider": "provider[\"registry.terraform.io/hashicorp/aws\"]",
      "instances": [
        {
          "schema_version": 1,
          "attributes": {
            "arn": "arn:aws:ec2:us-east-1:255445075489:key-pair/eks-terraform-key",
            "fingerprint": "3a:0c:39:03:9c:35:d3:27:f6:52:cd:7f:aa:25:da:c0",
            "id": "eks-terraform-key",
            "key_name": "eks-terraform-key",
            "key_name_prefix": "",
            "key_pair_id": "key-0e2faeb35611b4a7b",
            "key_type": "rsa",
            "public_key": "ssh-rsa AAAAB3NzaC1yc2EAAAADAQABAAACAQCqB2LaAhPrrH4IRPPFHhnzg7DTVM73coyYHmoXTC0YRcbiza/embkjJLKAtSRiWXVhNNyMBu84jSlD93R4XIr6L4g2Njr4DQck85BBE16olvqRya3UeNggsT6jjOqoOP8yNYijOPbpm2G/vDF0jjxJ+/7RuiaS9LO12Grf1VsEvqMcfgFQY8h/LiB+rKTN0HRkq0fR3QdNbOQhBmABJiVxD6n7xJB/TLj57VurPBPoIFMrvj7UGnzZZrCDgtQzUlyyVuzoBEL5pKHRoRagQxkqXBLPGzA+jArCVcuDv2w1vqQavYWTwWSUL84Q9Ylg2/2bOy2hUicsRya14Vv/Pg13Dblefqk/jmhYECdf9hX2SWyJQigE+vjsSueKv/Bei30HE7/NZSHzYLyahV/lFeucuVXAueOyNQce9r0+XStxbBiAk/zysDMketnpfid/WrRC8b5129o/1C7B7oiALqlwnTmcc6qPpiBhtkWLZ+OqukE60/6ZDby8TzoqxdKZfVoCO/oHWqz9UJwQfxkWy3Bpmk8k0iTN9o4B6+jo8J58DL4zOfCt2L9ktiiIguYZbvLL2uZxRBH2g9k8i+YuqLAPst8mZLTREyT2YHjO+foTV8aS10JD7f3oNxIS2RPjP8It49wDM+9V5sPYudlAcmTOVVN0Kt2vO3pJ7qOZv2KF1w==",
            "region": "us-east-1",
            "tags": {},
            "tags_all": {}
          },
          "sensitive_attributes": [],
          "identity_schema_version": 0,
          "private": "eyJzY2hlbWFfdmVyc2lvbiI6IjEifQ==",
          "dependencies": [
            "tls_private_key.eks_key"
          ]
        }
      ]
    },
    {
      "mode": "managed",
      "type": "local_file",
      "name": "private_key",
      "provider": "provider[\"registry.terraform.io/hashicorp/local\"]",
      "instances": [
        {
          "schema_version": 0,
          "attributes": {
            "content": "-----BEGIN RSA PRIVATE KEY-----\nMIIJKAIBAAKCAgEAqgdi2gIT66x+CETzxR4Z84Ow01TO93KMmB5qF0wtGEXG4s2v\n3pm5IySygLUkYll1YTTcjAbvOI0pQ/d0eFyK+i+INjY6+A0HJPOQQRNeqJb6kcmt\n1HjYILE+o4zqqDj/MjWIozj26Zthv7wxdI48Sfv+0bomkvSztdhq39VbBL6jHH4B\nUGPIfy4gfqykzdB0ZKtH0d0HTWzkIQZgASYlcQ+p+8SQf0y4+e1bqzwT6CBTK74+\n1Bp82Wawg4LUM1Jcslbs6ARC+aSh0aEWoEMZKlwSzxswPowKwlXLg79sNb6kGr2F\nk8FklC/OEPWJYNv9mzstoVInLEcmteFb/z4Ndw25Xn6pP45oWBAnX/YV9klsiUIo\nBPr47Ernir/wXot9BxO/zWUh82C8moVf5RXrnLlVwLnjsjUHHva9Pl0rcWwYgJP8\n8rAzJHrZ6X4nf1q0QvG+ddvaP9Quwe6IgC6pcJ05nHOqj6YgYbZFi2fjqrpBOtP+\nmQ28vE86KsXSmX1aAjv6B1qs/VCcEH8ZFstwaZpPJNIkzfaOAevo6PCefAy+Mznw\nrdi/ZLYoiILmGW7yy9rmcUQR9oPZPIvmLqiwD7LfJmS00RMk9mB4zvn6E1fGktdC\nQ+396DcSEtkT4z/CLePcAzPvVebD2LnZQHJkzlVTdCrdrzt6Se6jmb9ihdcCAwEA\nAQKCAgAD2p4BfgmQjnze2B1Eaw3AiMwhxirYzgZkzk+uToI5Kh+7dVkWrRpWsxa+\ntxxnhEqWVPnozKFwgTadvUatEb/ustQeEnWcuMLgMgsjhnpfTOjKFC22ArU3bH0U\nfPW2sXALZc4+kOR74BNDotLmJvEz5hvdCiCktRo7tXeasj3Zai7NTwfdmB1r0JJY\n/LXRmneA7qb2mVF4jk7PdtMHQ6OWn/nE5Kw3znfk5l3tEDQNT2pDNBE9goow7VRz\n7qu7rBLA0hqVmb8g5Hvsgf++yzaPUL32ZtHdoRP/Wq19w4GC6FrU5lXYRwpuF3VO\nyhn+kY36jklW/kM4DDbS6ZRJwVDRyA5/9zGltcWXX5gdCUrJEmgiln9GFbiMG+Co\n2QJckWzER2w0SPKJKgKAVxvvilEWez4WxyM8p64W+qtrckKXm9fhlIAwbdp4vR3e\nT9iQt4jMO+ON9kZGHwCQeHaDLu70iEKcmnrhK3JjPTMNlBdILJC6gN4CICvs1pMI\n11uG4Or6OODtP2ijflsydIrQHApiLlImWPKKWegYNOBd4mBEcUPNB/uGmeWvwAPK\nOKXftrGueRG3qidvagI58E0Ol/2c0rQwXXcMswmBEKPMgQ1k/QrSHJ8xvtjeuuA9\no1Mh7fwGdHzxpGh0YCKL8BSYH7SNPhhyQ+Ioqr2Ar4KHu+64WQKCAQEA1UGDnA8h\nIBHTwntCQCMnfy19lLw5wZH+E64nC+YON8F3QVJBSxaGcOg7WZ8KIs9V92c1sJPV\nWD3F9MZArU/Y1BNUFR+QASfJ9PH+G8kHqYwNio7kE6ROjunmQSd1s/VacaksX0Tk\n8bmjxQofWvAUUhcO+MxoQvs1WMDZpPCBR8L4oLjVkVeKnO9HxCfWn6DB44ei3Ygf\nNE11DqhnG3Q91zEhpyij8J2Tes3JDPq1hijo1fTYycNaQQQN/9RpNrL8qs6pPATy\nmiF7WhetOfvWbL/PYa3JVuMGez98GjLaenGa2Q/c5L5yvp8GToGpdDrNoxM79hBa\nT4zD6P0/mUe/jwKCAQEAzBvTWvT0ZVMhnG4550QsEzGEt9776LpIW8xvvMsN7f+v\nJ2QIf+yPDQLtaZK7Bk2vOGX3Tu6H1KULU8EH6OSqhwwUj8sLTcecbNAmXweZ4gLE\nJf6RCTnAc/Bre+wsnEjQxOpVLhPehUIs6NLav9tUQex24/umCIdG8PsvHILtIr6Q\nTyTpARpa1a2BhAIc9FI+um1vU6w6L1kWkB7bfWvu2DDn5/1yhqDjHqd7OkaqCXa1\nIrl2CIzlmSWrkdfiu8wp+72VxqT71yiDs/EXQ2oGYr6HlWikodsa/erMlpe/xIwK\nHyZt8GQxjX0hPVLm0T2+aLfts6bklAJNaJ4f0hmxOQKCAQBeG7gxkTekCFnztCMr\nXJgcdn25ukqekoeWNb9Db/WMQ1MWP29S7JDNmJ5AUX/OlsKwGBrIXqTCeRg3iZmX\nIepkxFbRr4kECYQFFRl3N4KrHoQHRkF+LX8BcFTNIdW+YaLVD7vmGugRiEOuO2ZU\n4ieFhmlz//huvp7vGMOzFvNmMLM5cffFWOVxleKMvKvo669EcmG780sZ8KicnFJL\n+kMkCKl6M+QM1ez0P4XetXCP0NPXP2K/vvbARELNR/ZaTihUVDi4pNJOlEH0Iwit\n0uXwPcENsPxt3GfK0dw5T4G8kQ+thGONikHmvxSwZmXaRezjbySB1PuVqV/3HHMJ\neHEfAoIBAChfPKAaIZlFJznM57Eh3+HwAoNoHMW8ywE1X8ilFV1FHL0a4T+EaAs3\n0AP43PtzNDxgltlK/x0FhEcNwGXFjSFnN0316Id6+yrexSg41axJxciKIOAFR1bn\ncCsz3OMQ2BKLE0wo6/PJ0h4/TrtyQ6lCf4W6ye2X7GVQGdJ25zbfIKY288ufDeaE\nCkE1Ncrx1ayEZufTAjNJWNgq8llNlxG2IrjVfei5PBNdJ1ewkIOMsmlq67jnPabc\nN6KCZDunN4quxkhja9j0D5DxGBvihd7UNvdLmnzVXPJqlgsXevwCgyIENOy+tLp6\nzK9XjYZHwzjtYJwPX9kS14Lg/ARPxqkCggEBAKzUheNT4tT4bjq2ZxfIcRdM0E1+\nck3DXfv6mw6E89ael+0OKlf8D4tCEtNWIYEuv0jKldk4i5jw5KXLZsDg+lHgeo7x\nbLBZzXY4G9nhXDUwz48SA29ZiQ9yyeASV1wEZFsIcg43lIhneA7M6499OclfzTBy\n0ByIGrCx/e1v6ZUMKOSvI+4OeDB1WWWPCZ+ecw9rIUP9mxrD8wO1gTQi9yR8ZY3O\nK9qZ5EbyE8cfyoshWddCojJUJX9LaqvtMH1Of1JiFXHc9Tg6z19jjn1YDdlXH7hO\nzHEJp3aTnfH7/lppjyZ5vRPpCuvzqhaou5Y76TbUn8tz2kX6GnLtL+ABYLE=\n-----END RSA PRIVATE KEY-----\n",
            "content_base64": null,
            "content_base64sha256": "4mXACgLqc4ac4gV/1Nxct31mkbsMZF24xYa60WxcTN8=",
            "content_base64sha512": "yGMpbG4D/MsVqe5NUaUhjK+oEGIJuyqchvR1MkSss8EljVcsHqANbnl0GsV41OHphD0QgE/6i5IIoK4NHZYyGQ==",
            "content_md5": "645f9caa5910777c6e745c14ba3050f4",
            "content_sha1": "648a27a4bc0d8a127e83ef89773fe1bdfd0dc1ce",
            "content_sha256": "e265c00a02ea73869ce2057fd4dc5cb77d6691bb0c645db8c586bad16c5c4cdf",
            "content_sha512": "c863296c6e03fccb15a9ee4d51a5218cafa8106209bb2a9c86f4753244acb3c1258d572c1ea00d6e79741ac578d4e1e9843d10804ffa8b9208a0ae0d1d963219",
            "directory_permission": "0777",
            "file_permission": "0400",
            "filename": "private-key/eks-terraform-key.pem",
            "id": "648a27a4bc0d8a127e83ef89773fe1bdfd0dc1ce",
            "sensitive_content": null,
            "source": null
          },
          "sensitive_attributes": [
            [
              {
                "type": "get_attr",
                "value": "content"
              }
            ],
            [
              {
                "type": "get_attr",
                "value": "sensitive_content"
              }
            ]
          ],
          "identity_schema_version": 0,
          "dependencies": [
            "tls_private_key.eks_key"
          ]
        }
      ]
    },
    {
      "mode": "managed",
      "type": "null_resource",
      "name": "copy_ec2_keys",
      "provider": "provider[\"registry.terraform.io/hashicorp/null\"]",
      "instances": [
        {
          "schema_version": 0,
          "attributes": {
            "id": "1345248790328779368",
            "triggers": null
          },
          "sensitive_attributes": [],
          "identity_schema_version": 0,
          "dependencies": [
            "aws_eip.bastion_eip",
            "data.aws_ami.amzlinux2",
            "data.aws_availability_zones.available",
            "module.ec2_public.aws_ebs_volume.this",
            "module.ec2_public.aws_ec2_tag.spot_instance",
            "module.ec2_public.aws_eip.this",
            "module.ec2_public.aws_iam_instance_profile.this",
            "module.ec2_public.aws_iam_role.this",
            "module.ec2_public.aws_iam_role_policy_attachment.this",
            "module.ec2_public.aws_instance.ignore_ami",
            "module.ec2_public.aws_instance.this",
            "module.ec2_public.aws_security_group.this",
            "module.ec2_public.aws_spot_instance_request.this",
            "module.ec2_public.aws_volume_attachment.this",
            "module.ec2_public.aws_vpc_security_group_egress_rule.this",
            "module.ec2_public.aws_vpc_security_group_ingress_rule.this",
            "module.ec2_public.data.aws_iam_policy_document.assume_role_policy",
            "module.ec2_public.data.aws_partition.current",
            "module.ec2_public.data.aws_ssm_parameter.this",
            "module.ec2_public.data.aws_subnet.this",
            "module.public_bastion_sg.aws_security_group.this",
            "module.public_bastion_sg.aws_security_group.this_name_prefix",
            "module.vpc.aws_cloudwatch_log_group.flow_log",
            "module.vpc.aws_customer_gateway.this",
            "module.vpc.aws_db_subnet_group.database",
            "module.vpc.aws_default_network_acl.this",
            "module.vpc.aws_default_route_table.default",
            "module.vpc.aws_default_security_group.this",
            "module.vpc.aws_default_vpc.this",
            "module.vpc.aws_egress_only_internet_gateway.this",
            "module.vpc.aws_eip.nat",
            "module.vpc.aws_elasticache_subnet_group.elasticache",
            "module.vpc.aws_flow_log.this",
            "module.vpc.aws_iam_policy.vpc_flow_log_cloudwatch",
            "module.vpc.aws_iam_role.vpc_flow_log_cloudwatch",
            "module.vpc.aws_iam_role_policy_attachment.vpc_flow_log_cloudwatch",
            "module.vpc.aws_internet_gateway.this",
            "module.vpc.aws_nat_gateway.this",
            "module.vpc.aws_network_acl.database",
            "module.vpc.aws_network_acl.elasticache",
            "module.vpc.aws_network_acl.intra",
            "module.vpc.aws_network_acl.outpost",
            "module.vpc.aws_network_acl.private",
            "module.vpc.aws_network_acl.public",
            "module.vpc.aws_network_acl.redshift",
            "module.vpc.aws_network_acl_rule.database_inbound",
            "module.vpc.aws_network_acl_rule.database_outbound",
            "module.vpc.aws_network_acl_rule.elasticache_inbound",
            "module.vpc.aws_network_acl_rule.elasticache_outbound",
            "module.vpc.aws_network_acl_rule.intra_inbound",
            "module.vpc.aws_network_acl_rule.intra_outbound",
            "module.vpc.aws_network_acl_rule.outpost_inbound",
            "module.vpc.aws_network_acl_rule.outpost_outbound",
            "module.vpc.aws_network_acl_rule.private_inbound",
            "module.vpc.aws_network_acl_rule.private_outbound",
            "module.vpc.aws_network_acl_rule.public_inbound",
            "module.vpc.aws_network_acl_rule.public_outbound",
            "module.vpc.aws_network_acl_rule.redshift_inbound",
            "module.vpc.aws_network_acl_rule.redshift_outbound",
            "module.vpc.aws_redshift_subnet_group.redshift",
            "module.vpc.aws_route.database_dns64_nat_gateway",
            "module.vpc.aws_route.database_internet_gateway",
            "module.vpc.aws_route.database_ipv6_egress",
            "module.vpc.aws_route.database_nat_gateway",
            "module.vpc.aws_route.private_dns64_nat_gateway",
            "module.vpc.aws_route.private_ipv6_egress",
            "module.vpc.aws_route.private_nat_gateway",
            "module.vpc.aws_route.public_internet_gateway",
            "module.vpc.aws_route.public_internet_gateway_ipv6",
            "module.vpc.aws_route_table.database",
            "module.vpc.aws_route_table.elasticache",
            "module.vpc.aws_route_table.intra",
            "module.vpc.aws_route_table.private",
            "module.vpc.aws_route_table.public",
            "module.vpc.aws_route_table.redshift",
            "module.vpc.aws_route_table_association.database",
            "module.vpc.aws_route_table_association.elasticache",
            "module.vpc.aws_route_table_association.intra",
            "module.vpc.aws_route_table_association.outpost",
            "module.vpc.aws_route_table_association.private",
            "module.vpc.aws_route_table_association.public",
            "module.vpc.aws_route_table_association.redshift",
            "module.vpc.aws_route_table_association.redshift_public",
            "module.vpc.aws_subnet.database",
            "module.vpc.aws_subnet.elasticache",
            "module.vpc.aws_subnet.intra",
            "module.vpc.aws_subnet.outpost",
            "module.vpc.aws_subnet.private",
            "module.vpc.aws_subnet.public",
            "module.vpc.aws_subnet.redshift",
            "module.vpc.aws_vpc.this",
            "module.vpc.aws_vpc_dhcp_options.this",
            "module.vpc.aws_vpc_dhcp_options_association.this",
            "module.vpc.aws_vpc_ipv4_cidr_block_association.this",
            "module.vpc.aws_vpn_gateway.this",
            "module.vpc.aws_vpn_gateway_attachment.this",
            "module.vpc.aws_vpn_gateway_route_propagation.intra",
            "module.vpc.aws_vpn_gateway_route_propagation.private",
            "module.vpc.aws_vpn_gateway_route_propagation.public",
            "module.vpc.data.aws_iam_policy_document.flow_log_cloudwatch_assume_role",
            "module.vpc.data.aws_iam_policy_document.vpc_flow_log_cloudwatch"
          ]
        }
      ]
    },
    {
      "mode": "managed",
      "type": "tls_private_key",
      "name": "eks_key",
      "provider": "provider[\"registry.terraform.io/hashicorp/tls\"]",
      "instances": [
        {
          "schema_version": 1,
          "attributes": {
            "algorithm": "RSA",
            "ecdsa_curve": "P224",
            "id": "8460b54cc33339953557d046e0b53f3de8dd3e6e",
            "private_key_openssh": "-----BEGIN OPENSSH PRIVATE KEY-----\nb3BlbnNzaC1rZXktdjEAAAAABG5vbmUAAAAEbm9uZQAAAAAAAAABAAACFwAAAAdz\nc2gtcnNhAAAAAwEAAQAAAgEAqgdi2gIT66x+CETzxR4Z84Ow01TO93KMmB5qF0wt\nGEXG4s2v3pm5IySygLUkYll1YTTcjAbvOI0pQ/d0eFyK+i+INjY6+A0HJPOQQRNe\nqJb6kcmt1HjYILE+o4zqqDj/MjWIozj26Zthv7wxdI48Sfv+0bomkvSztdhq39Vb\nBL6jHH4BUGPIfy4gfqykzdB0ZKtH0d0HTWzkIQZgASYlcQ+p+8SQf0y4+e1bqzwT\n6CBTK74+1Bp82Wawg4LUM1Jcslbs6ARC+aSh0aEWoEMZKlwSzxswPowKwlXLg79s\nNb6kGr2Fk8FklC/OEPWJYNv9mzstoVInLEcmteFb/z4Ndw25Xn6pP45oWBAnX/YV\n9klsiUIoBPr47Ernir/wXot9BxO/zWUh82C8moVf5RXrnLlVwLnjsjUHHva9Pl0r\ncWwYgJP88rAzJHrZ6X4nf1q0QvG+ddvaP9Quwe6IgC6pcJ05nHOqj6YgYbZFi2fj\nqrpBOtP+mQ28vE86KsXSmX1aAjv6B1qs/VCcEH8ZFstwaZpPJNIkzfaOAevo6PCe\nfAy+Mznwrdi/ZLYoiILmGW7yy9rmcUQR9oPZPIvmLqiwD7LfJmS00RMk9mB4zvn6\nE1fGktdCQ+396DcSEtkT4z/CLePcAzPvVebD2LnZQHJkzlVTdCrdrzt6Se6jmb9i\nhdcAAAc49iv4efYr+HkAAAAHc3NoLXJzYQAAAgEAqgdi2gIT66x+CETzxR4Z84Ow\n01TO93KMmB5qF0wtGEXG4s2v3pm5IySygLUkYll1YTTcjAbvOI0pQ/d0eFyK+i+I\nNjY6+A0HJPOQQRNeqJb6kcmt1HjYILE+o4zqqDj/MjWIozj26Zthv7wxdI48Sfv+\n0bomkvSztdhq39VbBL6jHH4BUGPIfy4gfqykzdB0ZKtH0d0HTWzkIQZgASYlcQ+p\n+8SQf0y4+e1bqzwT6CBTK74+1Bp82Wawg4LUM1Jcslbs6ARC+aSh0aEWoEMZKlwS\nzxswPowKwlXLg79sNb6kGr2Fk8FklC/OEPWJYNv9mzstoVInLEcmteFb/z4Ndw25\nXn6pP45oWBAnX/YV9klsiUIoBPr47Ernir/wXot9BxO/zWUh82C8moVf5RXrnLlV\nwLnjsjUHHva9Pl0rcWwYgJP88rAzJHrZ6X4nf1q0QvG+ddvaP9Quwe6IgC6pcJ05\nnHOqj6YgYbZFi2fjqrpBOtP+mQ28vE86KsXSmX1aAjv6B1qs/VCcEH8ZFstwaZpP\nJNIkzfaOAevo6PCefAy+Mznwrdi/ZLYoiILmGW7yy9rmcUQR9oPZPIvmLqiwD7Lf\nJmS00RMk9mB4zvn6E1fGktdCQ+396DcSEtkT4z/CLePcAzPvVebD2LnZQHJkzlVT\ndCrdrzt6Se6jmb9ihdcAAAADAQABAAACAAPangF+CZCOfN7YHURrDcCIzCHGKtjO\nBmTOT65OgjkqH7t1WRatGlazFr63HGeESpZU+ejMoXCBNp29Rq0Rv+6y1B4SdZy4\nwuAyCyOGel9M6MoULbYCtTdsfRR89baxcAtlzj6Q5HvgE0Oi0uYm8TPmG90KIKS1\nGju1d5qyPdlqLs1PB92YHWvQklj8tdGad4DupvaZUXiOTs920wdDo5af+cTkrDfO\nd+TmXe0QNA1PakM0ET2CijDtVHPuq7usEsDSGpWZvyDke+yB/77LNo9QvfZm0d2h\nE/9arX3DgYLoWtTmVdhHCm4XdU7KGf6RjfqOSVb+QzgMNtLplEnBUNHIDn/3MaW1\nxZdfmB0JSskSaCKWf0YVuIwb4KjZAlyRbMRHbDRI8okqAoBXG++KURZ7PhbHIzyn\nrhb6q2tyQpeb1+GUgDBt2ni9Hd5P2JC3iMw74432RkYfAJB4doMu7vSIQpyaeuEr\ncmM9Mw2UF0gskLqA3gIgK+zWkwjXW4bg6vo44O0/aKN+WzJ0itAcCmIuUiZY8opZ\n6Bg04F3iYERxQ80H+4aZ5a/AA8o4pd+2sa55EbeqJ29qAjnwTQ6X/ZzStDBddwyz\nCYEQo8yBDWT9CtIcnzG+2N664D2jUyHt/AZ0fPGkaHRgIovwFJgftI0+GHJD4iiq\nvYCvgoe77rhZAAABAQCs1IXjU+LU+G46tmcXyHEXTNBNfnJNw137+psOhPPWnpft\nDipX/A+LQhLTViGBLr9IypXZOIuY8OSly2bA4PpR4HqO8WywWc12OBvZ4Vw1MM+P\nEgNvWYkPcsngEldcBGRbCHION5SIZ3gOzOuPfTnJX80wctAciBqwsf3tb+mVDCjk\nryPuDngwdVlljwmfnnMPayFD/Zsaw/MDtYE0IvckfGWNzivameRG8hPHH8qLIVnX\nQqIyVCV/S2qr7TB9Tn9SYhVx3PU4Os9fY459WA3ZVx+4TsxxCad2k53x+/5aaY8m\neb0T6Qrr86oWqLuWO+k21J/Lc9pF+hpy7S/gAWCxAAABAQDVQYOcDyEgEdPCe0JA\nIyd/LX2UvDnBkf4TricL5g43wXdBUkFLFoZw6DtZnwoiz1X3ZzWwk9VYPcX0xkCt\nT9jUE1QVH5ABJ8n08f4byQepjA2KjuQTpE6O6eZBJ3Wz9VpxqSxfROTxuaPFCh9a\n8BRSFw74zGhC+zVYwNmk8IFHwviguNWRV4qc70fEJ9afoMHjh6LdiB80TXUOqGcb\ndD3XMSGnKKPwnZN6zckM+rWGKOjV9NjJw1pBBA3/1Gk2svyqzqk8BPKaIXtaF605\n+9Zsv89hrclW4wZ7P3waMtp6cZrZD9zkvnK+nwZOgal0Os2jEzv2EFpPjMPo/T+Z\nR7+PAAABAQDMG9Na9PRlUyGcbjnnRCwTMYS33vvoukhbzG+8yw3t/68nZAh/7I8N\nAu1pkrsGTa84ZfdO7ofUpQtTwQfo5KqHDBSPywtNx5xs0CZfB5niAsQl/pEJOcBz\n8Gt77CycSNDE6lUuE96FQizo0tq/21RB7Hbj+6YIh0bw+y8cgu0ivpBPJOkBGlrV\nrYGEAhz0Uj66bW9TrDovWRaQHtt9a+7YMOfn/XKGoOMep3s6RqoJdrUiuXYIjOWZ\nJauR1+K7zCn7vZXGpPvXKIOz8RdDagZivoeVaKSh2xr96syWl7/EjAofJm3wZDGN\nfSE9UubRPb5ot+2zpuSUAk1onh/SGbE5AAAAAAEC\n-----END OPENSSH PRIVATE KEY-----\n",
            "private_key_pem": "-----BEGIN RSA PRIVATE KEY-----\nMIIJKAIBAAKCAgEAqgdi2gIT66x+CETzxR4Z84Ow01TO93KMmB5qF0wtGEXG4s2v\n3pm5IySygLUkYll1YTTcjAbvOI0pQ/d0eFyK+i+INjY6+A0HJPOQQRNeqJb6kcmt\n1HjYILE+o4zqqDj/MjWIozj26Zthv7wxdI48Sfv+0bomkvSztdhq39VbBL6jHH4B\nUGPIfy4gfqykzdB0ZKtH0d0HTWzkIQZgASYlcQ+p+8SQf0y4+e1bqzwT6CBTK74+\n1Bp82Wawg4LUM1Jcslbs6ARC+aSh0aEWoEMZKlwSzxswPowKwlXLg79sNb6kGr2F\nk8FklC/OEPWJYNv9mzstoVInLEcmteFb/z4Ndw25Xn6pP45oWBAnX/YV9klsiUIo\nBPr47Ernir/wXot9BxO/zWUh82C8moVf5RXrnLlVwLnjsjUHHva9Pl0rcWwYgJP8\n8rAzJHrZ6X4nf1q0QvG+ddvaP9Quwe6IgC6pcJ05nHOqj6YgYbZFi2fjqrpBOtP+\nmQ28vE86KsXSmX1aAjv6B1qs/VCcEH8ZFstwaZpPJNIkzfaOAevo6PCefAy+Mznw\nrdi/ZLYoiILmGW7yy9rmcUQR9oPZPIvmLqiwD7LfJmS00RMk9mB4zvn6E1fGktdC\nQ+396DcSEtkT4z/CLePcAzPvVebD2LnZQHJkzlVTdCrdrzt6Se6jmb9ihdcCAwEA\nAQKCAgAD2p4BfgmQjnze2B1Eaw3AiMwhxirYzgZkzk+uToI5Kh+7dVkWrRpWsxa+\ntxxnhEqWVPnozKFwgTadvUatEb/ustQeEnWcuMLgMgsjhnpfTOjKFC22ArU3bH0U\nfPW2sXALZc4+kOR74BNDotLmJvEz5hvdCiCktRo7tXeasj3Zai7NTwfdmB1r0JJY\n/LXRmneA7qb2mVF4jk7PdtMHQ6OWn/nE5Kw3znfk5l3tEDQNT2pDNBE9goow7VRz\n7qu7rBLA0hqVmb8g5Hvsgf++yzaPUL32ZtHdoRP/Wq19w4GC6FrU5lXYRwpuF3VO\nyhn+kY36jklW/kM4DDbS6ZRJwVDRyA5/9zGltcWXX5gdCUrJEmgiln9GFbiMG+Co\n2QJckWzER2w0SPKJKgKAVxvvilEWez4WxyM8p64W+qtrckKXm9fhlIAwbdp4vR3e\nT9iQt4jMO+ON9kZGHwCQeHaDLu70iEKcmnrhK3JjPTMNlBdILJC6gN4CICvs1pMI\n11uG4Or6OODtP2ijflsydIrQHApiLlImWPKKWegYNOBd4mBEcUPNB/uGmeWvwAPK\nOKXftrGueRG3qidvagI58E0Ol/2c0rQwXXcMswmBEKPMgQ1k/QrSHJ8xvtjeuuA9\no1Mh7fwGdHzxpGh0YCKL8BSYH7SNPhhyQ+Ioqr2Ar4KHu+64WQKCAQEA1UGDnA8h\nIBHTwntCQCMnfy19lLw5wZH+E64nC+YON8F3QVJBSxaGcOg7WZ8KIs9V92c1sJPV\nWD3F9MZArU/Y1BNUFR+QASfJ9PH+G8kHqYwNio7kE6ROjunmQSd1s/VacaksX0Tk\n8bmjxQofWvAUUhcO+MxoQvs1WMDZpPCBR8L4oLjVkVeKnO9HxCfWn6DB44ei3Ygf\nNE11DqhnG3Q91zEhpyij8J2Tes3JDPq1hijo1fTYycNaQQQN/9RpNrL8qs6pPATy\nmiF7WhetOfvWbL/PYa3JVuMGez98GjLaenGa2Q/c5L5yvp8GToGpdDrNoxM79hBa\nT4zD6P0/mUe/jwKCAQEAzBvTWvT0ZVMhnG4550QsEzGEt9776LpIW8xvvMsN7f+v\nJ2QIf+yPDQLtaZK7Bk2vOGX3Tu6H1KULU8EH6OSqhwwUj8sLTcecbNAmXweZ4gLE\nJf6RCTnAc/Bre+wsnEjQxOpVLhPehUIs6NLav9tUQex24/umCIdG8PsvHILtIr6Q\nTyTpARpa1a2BhAIc9FI+um1vU6w6L1kWkB7bfWvu2DDn5/1yhqDjHqd7OkaqCXa1\nIrl2CIzlmSWrkdfiu8wp+72VxqT71yiDs/EXQ2oGYr6HlWikodsa/erMlpe/xIwK\nHyZt8GQxjX0hPVLm0T2+aLfts6bklAJNaJ4f0hmxOQKCAQBeG7gxkTekCFnztCMr\nXJgcdn25ukqekoeWNb9Db/WMQ1MWP29S7JDNmJ5AUX/OlsKwGBrIXqTCeRg3iZmX\nIepkxFbRr4kECYQFFRl3N4KrHoQHRkF+LX8BcFTNIdW+YaLVD7vmGugRiEOuO2ZU\n4ieFhmlz//huvp7vGMOzFvNmMLM5cffFWOVxleKMvKvo669EcmG780sZ8KicnFJL\n+kMkCKl6M+QM1ez0P4XetXCP0NPXP2K/vvbARELNR/ZaTihUVDi4pNJOlEH0Iwit\n0uXwPcENsPxt3GfK0dw5T4G8kQ+thGONikHmvxSwZmXaRezjbySB1PuVqV/3HHMJ\neHEfAoIBAChfPKAaIZlFJznM57Eh3+HwAoNoHMW8ywE1X8ilFV1FHL0a4T+EaAs3\n0AP43PtzNDxgltlK/x0FhEcNwGXFjSFnN0316Id6+yrexSg41axJxciKIOAFR1bn\ncCsz3OMQ2BKLE0wo6/PJ0h4/TrtyQ6lCf4W6ye2X7GVQGdJ25zbfIKY288ufDeaE\nCkE1Ncrx1ayEZufTAjNJWNgq8llNlxG2IrjVfei5PBNdJ1ewkIOMsmlq67jnPabc\nN6KCZDunN4quxkhja9j0D5DxGBvihd7UNvdLmnzVXPJqlgsXevwCgyIENOy+tLp6\nzK9XjYZHwzjtYJwPX9kS14Lg/ARPxqkCggEBAKzUheNT4tT4bjq2ZxfIcRdM0E1+\nck3DXfv6mw6E89ael+0OKlf8D4tCEtNWIYEuv0jKldk4i5jw5KXLZsDg+lHgeo7x\nbLBZzXY4G9nhXDUwz48SA29ZiQ9yyeASV1wEZFsIcg43lIhneA7M6499OclfzTBy\n0ByIGrCx/e1v6ZUMKOSvI+4OeDB1WWWPCZ+ecw9rIUP9mxrD8wO1gTQi9yR8ZY3O\nK9qZ5EbyE8cfyoshWddCojJUJX9LaqvtMH1Of1JiFXHc9Tg6z19jjn1YDdlXH7hO\nzHEJp3aTnfH7/lppjyZ5vRPpCuvzqhaou5Y76TbUn8tz2kX6GnLtL+ABYLE=\n-----END RSA PRIVATE KEY-----\n",
            "private_key_pem_pkcs8": "-----BEGIN PRIVATE KEY-----\nMIIJQgIBADANBgkqhkiG9w0BAQEFAASCCSwwggkoAgEAAoICAQCqB2LaAhPrrH4I\nRPPFHhnzg7DTVM73coyYHmoXTC0YRcbiza/embkjJLKAtSRiWXVhNNyMBu84jSlD\n93R4XIr6L4g2Njr4DQck85BBE16olvqRya3UeNggsT6jjOqoOP8yNYijOPbpm2G/\nvDF0jjxJ+/7RuiaS9LO12Grf1VsEvqMcfgFQY8h/LiB+rKTN0HRkq0fR3QdNbOQh\nBmABJiVxD6n7xJB/TLj57VurPBPoIFMrvj7UGnzZZrCDgtQzUlyyVuzoBEL5pKHR\noRagQxkqXBLPGzA+jArCVcuDv2w1vqQavYWTwWSUL84Q9Ylg2/2bOy2hUicsRya1\n4Vv/Pg13Dblefqk/jmhYECdf9hX2SWyJQigE+vjsSueKv/Bei30HE7/NZSHzYLya\nhV/lFeucuVXAueOyNQce9r0+XStxbBiAk/zysDMketnpfid/WrRC8b5129o/1C7B\n7oiALqlwnTmcc6qPpiBhtkWLZ+OqukE60/6ZDby8TzoqxdKZfVoCO/oHWqz9UJwQ\nfxkWy3Bpmk8k0iTN9o4B6+jo8J58DL4zOfCt2L9ktiiIguYZbvLL2uZxRBH2g9k8\ni+YuqLAPst8mZLTREyT2YHjO+foTV8aS10JD7f3oNxIS2RPjP8It49wDM+9V5sPY\nudlAcmTOVVN0Kt2vO3pJ7qOZv2KF1wIDAQABAoICAAPangF+CZCOfN7YHURrDcCI\nzCHGKtjOBmTOT65OgjkqH7t1WRatGlazFr63HGeESpZU+ejMoXCBNp29Rq0Rv+6y\n1B4SdZy4wuAyCyOGel9M6MoULbYCtTdsfRR89baxcAtlzj6Q5HvgE0Oi0uYm8TPm\nG90KIKS1Gju1d5qyPdlqLs1PB92YHWvQklj8tdGad4DupvaZUXiOTs920wdDo5af\n+cTkrDfOd+TmXe0QNA1PakM0ET2CijDtVHPuq7usEsDSGpWZvyDke+yB/77LNo9Q\nvfZm0d2hE/9arX3DgYLoWtTmVdhHCm4XdU7KGf6RjfqOSVb+QzgMNtLplEnBUNHI\nDn/3MaW1xZdfmB0JSskSaCKWf0YVuIwb4KjZAlyRbMRHbDRI8okqAoBXG++KURZ7\nPhbHIzynrhb6q2tyQpeb1+GUgDBt2ni9Hd5P2JC3iMw74432RkYfAJB4doMu7vSI\nQpyaeuErcmM9Mw2UF0gskLqA3gIgK+zWkwjXW4bg6vo44O0/aKN+WzJ0itAcCmIu\nUiZY8opZ6Bg04F3iYERxQ80H+4aZ5a/AA8o4pd+2sa55EbeqJ29qAjnwTQ6X/ZzS\ntDBddwyzCYEQo8yBDWT9CtIcnzG+2N664D2jUyHt/AZ0fPGkaHRgIovwFJgftI0+\nGHJD4iiqvYCvgoe77rhZAoIBAQDVQYOcDyEgEdPCe0JAIyd/LX2UvDnBkf4TricL\n5g43wXdBUkFLFoZw6DtZnwoiz1X3ZzWwk9VYPcX0xkCtT9jUE1QVH5ABJ8n08f4b\nyQepjA2KjuQTpE6O6eZBJ3Wz9VpxqSxfROTxuaPFCh9a8BRSFw74zGhC+zVYwNmk\n8IFHwviguNWRV4qc70fEJ9afoMHjh6LdiB80TXUOqGcbdD3XMSGnKKPwnZN6zckM\n+rWGKOjV9NjJw1pBBA3/1Gk2svyqzqk8BPKaIXtaF605+9Zsv89hrclW4wZ7P3wa\nMtp6cZrZD9zkvnK+nwZOgal0Os2jEzv2EFpPjMPo/T+ZR7+PAoIBAQDMG9Na9PRl\nUyGcbjnnRCwTMYS33vvoukhbzG+8yw3t/68nZAh/7I8NAu1pkrsGTa84ZfdO7ofU\npQtTwQfo5KqHDBSPywtNx5xs0CZfB5niAsQl/pEJOcBz8Gt77CycSNDE6lUuE96F\nQizo0tq/21RB7Hbj+6YIh0bw+y8cgu0ivpBPJOkBGlrVrYGEAhz0Uj66bW9TrDov\nWRaQHtt9a+7YMOfn/XKGoOMep3s6RqoJdrUiuXYIjOWZJauR1+K7zCn7vZXGpPvX\nKIOz8RdDagZivoeVaKSh2xr96syWl7/EjAofJm3wZDGNfSE9UubRPb5ot+2zpuSU\nAk1onh/SGbE5AoIBAF4buDGRN6QIWfO0IytcmBx2fbm6Sp6Sh5Y1v0Nv9YxDUxY/\nb1LskM2YnkBRf86WwrAYGshepMJ5GDeJmZch6mTEVtGviQQJhAUVGXc3gqsehAdG\nQX4tfwFwVM0h1b5hotUPu+Ya6BGIQ647ZlTiJ4WGaXP/+G6+nu8Yw7MW82Ywszlx\n98VY5XGV4oy8q+jrr0RyYbvzSxnwqJycUkv6QyQIqXoz5AzV7PQ/hd61cI/Q09c/\nYr++9sBEQs1H9lpOKFRUOLik0k6UQfQjCK3S5fA9wQ2w/G3cZ8rR3DlPgbyRD62E\nY42KQea/FLBmZdpF7ONvJIHU+5WpX/cccwl4cR8CggEAKF88oBohmUUnOcznsSHf\n4fACg2gcxbzLATVfyKUVXUUcvRrhP4RoCzfQA/jc+3M0PGCW2Ur/HQWERw3AZcWN\nIWc3TfXoh3r7Kt7FKDjVrEnFyIog4AVHVudwKzPc4xDYEosTTCjr88nSHj9Ou3JD\nqUJ/hbrJ7ZfsZVAZ0nbnNt8gpjbzy58N5oQKQTU1yvHVrIRm59MCM0lY2CryWU2X\nEbYiuNV96Lk8E10nV7CQg4yyaWrruOc9ptw3ooJkO6c3iq7GSGNr2PQPkPEYG+KF\n3tQ290uafNVc8mqWCxd6/AKDIgQ07L60unrMr1eNhkfDOO1gnA9f2RLXguD8BE/G\nqQKCAQEArNSF41Pi1PhuOrZnF8hxF0zQTX5yTcNd+/qbDoTz1p6X7Q4qV/wPi0IS\n01YhgS6/SMqV2TiLmPDkpctmwOD6UeB6jvFssFnNdjgb2eFcNTDPjxIDb1mJD3LJ\n4BJXXARkWwhyDjeUiGd4Dszrj305yV/NMHLQHIgasLH97W/plQwo5K8j7g54MHVZ\nZY8Jn55zD2shQ/2bGsPzA7WBNCL3JHxljc4r2pnkRvITxx/KiyFZ10KiMlQlf0tq\nq+0wfU5/UmIVcdz1ODrPX2OOfVgN2VcfuE7McQmndpOd8fv+WmmPJnm9E+kK6/Oq\nFqi7ljvpNtSfy3PaRfoacu0v4AFgsQ==\n-----END PRIVATE KEY-----\n",
            "public_key_fingerprint_md5": "d6:6e:63:6a:cd:8e:62:c9:49:2b:e2:07:1e:d1:5a:6d",
            "public_key_fingerprint_sha256": "SHA256:OHL1NWZi2heCPcjY5/9V+9EpaygoiLgvdo+sph6VoaE",
            "public_key_openssh": "ssh-rsa AAAAB3NzaC1yc2EAAAADAQABAAACAQCqB2LaAhPrrH4IRPPFHhnzg7DTVM73coyYHmoXTC0YRcbiza/embkjJLKAtSRiWXVhNNyMBu84jSlD93R4XIr6L4g2Njr4DQck85BBE16olvqRya3UeNggsT6jjOqoOP8yNYijOPbpm2G/vDF0jjxJ+/7RuiaS9LO12Grf1VsEvqMcfgFQY8h/LiB+rKTN0HRkq0fR3QdNbOQhBmABJiVxD6n7xJB/TLj57VurPBPoIFMrvj7UGnzZZrCDgtQzUlyyVuzoBEL5pKHRoRagQxkqXBLPGzA+jArCVcuDv2w1vqQavYWTwWSUL84Q9Ylg2/2bOy2hUicsRya14Vv/Pg13Dblefqk/jmhYECdf9hX2SWyJQigE+vjsSueKv/Bei30HE7/NZSHzYLyahV/lFeucuVXAueOyNQce9r0+XStxbBiAk/zysDMketnpfid/WrRC8b5129o/1C7B7oiALqlwnTmcc6qPpiBhtkWLZ+OqukE60/6ZDby8TzoqxdKZfVoCO/oHWqz9UJwQfxkWy3Bpmk8k0iTN9o4B6+jo8J58DL4zOfCt2L9ktiiIguYZbvLL2uZxRBH2g9k8i+YuqLAPst8mZLTREyT2YHjO+foTV8aS10JD7f3oNxIS2RPjP8It49wDM+9V5sPYudlAcmTOVVN0Kt2vO3pJ7qOZv2KF1w==\n",
            "public_key_pem": "-----BEGIN PUBLIC KEY-----\nMIICIjANBgkqhkiG9w0BAQEFAAOCAg8AMIICCgKCAgEAqgdi2gIT66x+CETzxR4Z\n84Ow01TO93KMmB5qF0wtGEXG4s2v3pm5IySygLUkYll1YTTcjAbvOI0pQ/d0eFyK\n+i+INjY6+A0HJPOQQRNeqJb6kcmt1HjYILE+o4zqqDj/MjWIozj26Zthv7wxdI48\nSfv+0bomkvSztdhq39VbBL6jHH4BUGPIfy4gfqykzdB0ZKtH0d0HTWzkIQZgASYl\ncQ+p+8SQf0y4+e1bqzwT6CBTK74+1Bp82Wawg4LUM1Jcslbs6ARC+aSh0aEWoEMZ\nKlwSzxswPowKwlXLg79sNb6kGr2Fk8FklC/OEPWJYNv9mzstoVInLEcmteFb/z4N\ndw25Xn6pP45oWBAnX/YV9klsiUIoBPr47Ernir/wXot9BxO/zWUh82C8moVf5RXr\nnLlVwLnjsjUHHva9Pl0rcWwYgJP88rAzJHrZ6X4nf1q0QvG+ddvaP9Quwe6IgC6p\ncJ05nHOqj6YgYbZFi2fjqrpBOtP+mQ28vE86KsXSmX1aAjv6B1qs/VCcEH8ZFstw\naZpPJNIkzfaOAevo6PCefAy+Mznwrdi/ZLYoiILmGW7yy9rmcUQR9oPZPIvmLqiw\nD7LfJmS00RMk9mB4zvn6E1fGktdCQ+396DcSEtkT4z/CLePcAzPvVebD2LnZQHJk\nzlVTdCrdrzt6Se6jmb9ihdcCAwEAAQ==\n-----END PUBLIC KEY-----\n",
            "rsa_bits": 4096
          },
          "sensitive_attributes": [
            [
              {
                "type": "get_attr",
                "value": "private_key_openssh"
              }
            ],
            [
              {
                "type": "get_attr",
                "value": "private_key_pem"
              }
            ],
            [
              {
                "type": "get_attr",
                "value": "private_key_pem_pkcs8"
              }
            ]
          ],
          "identity_schema_version": 0
        }
      ]
    },
    {
      "module": "module.ec2_public",
      "mode": "data",
      "type": "aws_iam_policy_document",
      "name": "assume_role_policy",
      "provider": "provider[\"registry.terraform.io/hashicorp/aws\"]",
      "instances": []
    },
    {
      "module": "module.ec2_public",
      "mode": "data",
      "type": "aws_partition",
      "name": "current",
      "provider": "provider[\"registry.terraform.io/hashicorp/aws\"]",
      "instances": [
        {
          "schema_version": 0,
          "attributes": {
            "dns_suffix": "amazonaws.com",
            "id": "aws",
            "partition": "aws",
            "reverse_dns_prefix": "com.amazonaws"
          },
          "sensitive_attributes": [],
          "identity_schema_version": 0
        }
      ]
    },
    {
      "module": "module.ec2_public",
      "mode": "data",
      "type": "aws_ssm_parameter",
      "name": "this",
      "provider": "provider[\"registry.terraform.io/hashicorp/aws\"]",
      "instances": []
    },
    {
      "module": "module.ec2_public",
      "mode": "data",
      "type": "aws_subnet",
      "name": "this",
      "provider": "provider[\"registry.terraform.io/hashicorp/aws\"]",
      "instances": [
        {
          "index_key": 0,
          "schema_version": 0,
          "attributes": {
            "arn": "arn:aws:ec2:us-east-1:255445075489:subnet/subnet-00ca5ef817c7cf631",
            "assign_ipv6_address_on_creation": false,
            "availability_zone": "us-east-1a",
            "availability_zone_id": "use1-az1",
            "available_ip_address_count": 248,
            "cidr_block": "10.0.101.0/24",
            "customer_owned_ipv4_pool": "",
            "default_for_az": false,
            "enable_dns64": false,
            "enable_lni_at_device_index": 0,
            "enable_resource_name_dns_a_record_on_launch": false,
            "enable_resource_name_dns_aaaa_record_on_launch": false,
            "filter": null,
            "id": "subnet-00ca5ef817c7cf631",
            "ipv6_cidr_block": "",
            "ipv6_cidr_block_association_id": "",
            "ipv6_native": false,
            "map_customer_owned_ip_on_launch": false,
            "map_public_ip_on_launch": true,
            "outpost_arn": "",
            "owner_id": "255445075489",
            "private_dns_hostname_type_on_launch": "ip-name",
            "region": "us-east-1",
            "state": "available",
            "tags": {
              "Name": "hr-stag-eksdemo1-public-us-east-1a",
              "Type": "Public Subnets",
              "environment": "stag",
              "kubernetes.io/cluster/hr-stag-eksdemo1": "shared",
              "kubernetes.io/role/elb": "1",
              "owners": "hr"
            },
            "timeouts": null,
            "vpc_id": "vpc-004e6a1145854501e"
          },
          "sensitive_attributes": [],
          "identity_schema_version": 0
        }
      ]
    },
    {
      "module": "module.ec2_public",
      "mode": "managed",
      "type": "aws_ebs_volume",
      "name": "this",
      "provider": "provider[\"registry.terraform.io/hashicorp/aws\"]",
      "instances": []
    },
    {
      "module": "module.ec2_public",
      "mode": "managed",
      "type": "aws_ec2_tag",
      "name": "spot_instance",
      "provider": "provider[\"registry.terraform.io/hashicorp/aws\"]",
      "instances": []
    },
    {
      "module": "module.ec2_public",
      "mode": "managed",
      "type": "aws_eip",
      "name": "this",
      "provider": "provider[\"registry.terraform.io/hashicorp/aws\"]",
      "instances": []
    },
    {
      "module": "module.ec2_public",
      "mode": "managed",
      "type": "aws_iam_instance_profile",
      "name": "this",
      "provider": "provider[\"registry.terraform.io/hashicorp/aws\"]",
      "instances": []
    },
    {
      "module": "module.ec2_public",
      "mode": "managed",
      "type": "aws_iam_role",
      "name": "this",
      "provider": "provider[\"registry.terraform.io/hashicorp/aws\"]",
      "instances": []
    },
    {
      "module": "module.ec2_public",
      "mode": "managed",
      "type": "aws_iam_role_policy_attachment",
      "name": "this",
      "provider": "provider[\"registry.terraform.io/hashicorp/aws\"]",
      "instances": []
    },
    {
      "module": "module.ec2_public",
      "mode": "managed",
      "type": "aws_instance",
      "name": "ignore_ami",
      "provider": "provider[\"registry.terraform.io/hashicorp/aws\"]",
      "instances": []
    },
    {
      "module": "module.ec2_public",
      "mode": "managed",
      "type": "aws_instance",
      "name": "this",
      "provider": "provider[\"registry.terraform.io/hashicorp/aws\"]",
      "instances": [
        {
          "index_key": 0,
          "schema_version": 2,
          "attributes": {
            "ami": "ami-046b36f55e189564a",
            "arn": "arn:aws:ec2:us-east-1:255445075489:instance/i-039fc3ad53d7256fd",
            "associate_public_ip_address": true,
            "availability_zone": "us-east-1a",
            "capacity_reservation_specification": [
              {
                "capacity_reservation_preference": "open",
                "capacity_reservation_target": []
              }
            ],
            "cpu_options": [
              {
                "amd_sev_snp": "",
                "core_count": 1,
                "nested_virtualization": "",
                "threads_per_core": 2
              }
            ],
            "credit_specification": [
              {
                "cpu_credits": "unlimited"
              }
            ],
            "disable_api_stop": false,
            "disable_api_termination": false,
            "ebs_block_device": [],
            "ebs_optimized": false,
            "enable_primary_ipv6": null,
            "enclave_options": [
              {
                "enabled": false
              }
            ],
            "ephemeral_block_device": [],
            "force_destroy": false,
            "get_password_data": false,
            "hibernation": false,
            "host_id": "",
            "host_resource_group_arn": null,
            "iam_instance_profile": "",
            "id": "i-039fc3ad53d7256fd",
            "instance_initiated_shutdown_behavior": "stop",
            "instance_lifecycle": "",
            "instance_market_options": [],
            "instance_state": "running",
            "instance_type": "t3.micro",
            "ipv6_address_count": 0,
            "ipv6_addresses": [],
            "key_name": "eks-terraform-key",
            "launch_template": [],
            "maintenance_options": [
              {
                "auto_recovery": "default"
              }
            ],
            "metadata_options": [
              {
                "http_endpoint": "enabled",
                "http_protocol_ipv6": "disabled",
                "http_put_response_hop_limit": 1,
                "http_tokens": "required",
                "instance_metadata_tags": "disabled"
              }
            ],
            "monitoring": false,
            "network_interface": [],
            "outpost_arn": "",
            "password_data": "",
            "placement_group": "",
            "placement_group_id": "",
            "placement_partition_number": 0,
            "primary_network_interface": [
              {
                "delete_on_termination": true,
                "network_interface_id": "eni-0d321675b5453bbe8"
              }
            ],
            "primary_network_interface_id": "eni-0d321675b5453bbe8",
            "private_dns": "ip-10-0-101-206.ec2.internal",
            "private_dns_name_options": [
              {
                "enable_resource_name_dns_a_record": false,
                "enable_resource_name_dns_aaaa_record": false,
                "hostname_type": "ip-name"
              }
            ],
            "private_ip": "10.0.101.206",
            "public_dns": "ec2-52-7-187-140.compute-1.amazonaws.com",
            "public_ip": "52.7.187.140",
            "region": "us-east-1",
            "root_block_device": [
              {
                "delete_on_termination": true,
                "device_name": "/dev/xvda",
                "encrypted": false,
                "iops": 100,
                "kms_key_id": "",
                "tags": {},
                "tags_all": {},
                "throughput": 0,
                "volume_id": "vol-0ea9303e410f09c2c",
                "volume_size": 8,
                "volume_type": "gp2"
              }
            ],
            "secondary_network_interface": [],
            "secondary_private_ips": [],
            "security_groups": [],
            "source_dest_check": true,
            "spot_instance_request_id": "",
            "subnet_id": "subnet-00ca5ef817c7cf631",
            "tags": {
              "Name": "hr-stag-BastionHost",
              "environment": "stag",
              "owners": "hr"
            },
            "tags_all": {
              "Name": "hr-stag-BastionHost",
              "environment": "stag",
              "owners": "hr"
            },
            "tenancy": "default",
            "timeouts": {
              "create": null,
              "delete": null,
              "read": null,
              "update": null
            },
            "user_data": null,
            "user_data_base64": null,
            "user_data_replace_on_change": false,
            "volume_tags": {
              "Name": "hr-stag-BastionHost",
              "environment": "stag",
              "owners": "hr"
            },
            "vpc_security_group_ids": [
              "sg-01ed959c87c69c83c",
              "sg-08312fdc7cc888855"
            ]
          },
          "sensitive_attributes": [],
          "identity_schema_version": 0,
          "identity": {
            "account_id": "255445075489",
            "id": "i-039fc3ad53d7256fd",
            "region": "us-east-1"
          },
          "private": "eyJlMmJmYjczMC1lY2FhLTExZTYtOGY4OC0zNDM2M2JjN2M0YzAiOnsiY3JlYXRlIjo2MDAwMDAwMDAwMDAsImRlbGV0ZSI6MTIwMDAwMDAwMDAwMCwicmVhZCI6OTAwMDAwMDAwMDAwLCJ1cGRhdGUiOjYwMDAwMDAwMDAwMH0sInNjaGVtYV92ZXJzaW9uIjoiMiJ9",
          "dependencies": [
            "data.aws_ami.amzlinux2",
            "data.aws_availability_zones.available",
            "module.ec2_public.aws_iam_instance_profile.this",
            "module.ec2_public.aws_iam_role.this",
            "module.ec2_public.aws_security_group.this",
            "module.ec2_public.data.aws_iam_policy_document.assume_role_policy",
            "module.ec2_public.data.aws_partition.current",
            "module.ec2_public.data.aws_ssm_parameter.this",
            "module.ec2_public.data.aws_subnet.this",
            "module.public_bastion_sg.aws_security_group.this",
            "module.public_bastion_sg.aws_security_group.this_name_prefix",
            "module.vpc.aws_subnet.public",
            "module.vpc.aws_vpc.this",
            "module.vpc.aws_vpc_ipv4_cidr_block_association.this"
          ]
        }
      ]
    },
    {
      "module": "module.ec2_public",
      "mode": "managed",
      "type": "aws_security_group",
      "name": "this",
      "provider": "provider[\"registry.terraform.io/hashicorp/aws\"]",
      "instances": [
        {
          "index_key": 0,
          "schema_version": 1,
          "attributes": {
            "arn": "arn:aws:ec2:us-east-1:255445075489:security-group/sg-08312fdc7cc888855",
            "description": "Managed by Terraform",
            "egress": [
              {
                "cidr_blocks": [
                  "0.0.0.0/0"
                ],
                "description": "Allow all IPv4 traffic",
                "from_port": 0,
                "ipv6_cidr_blocks": [],
                "prefix_list_ids": [],
                "protocol": "-1",
                "security_groups": [],
                "self": false,
                "to_port": 0
              },
              {
                "cidr_blocks": [],
                "description": "Allow all IPv6 traffic",
                "from_port": 0,
                "ipv6_cidr_blocks": [
                  "::/0"
                ],
                "prefix_list_ids": [],
                "protocol": "-1",
                "security_groups": [],
                "self": false,
                "to_port": 0
              }
            ],
            "id": "sg-08312fdc7cc888855",
            "ingress": [],
            "name": "hr-stag-BastionHost-20260530085144186400000006",
            "name_prefix": "hr-stag-BastionHost-",
            "owner_id": "255445075489",
            "region": "us-east-1",
            "revoke_rules_on_delete": false,
            "tags": {
              "Name": "hr-stag-BastionHost",
              "environment": "stag",
              "owners": "hr"
            },
            "tags_all": {
              "Name": "hr-stag-BastionHost",
              "environment": "stag",
              "owners": "hr"
            },
            "timeouts": null,
            "vpc_id": "vpc-004e6a1145854501e"
          },
          "sensitive_attributes": [],
          "identity_schema_version": 0,
          "identity": {
            "account_id": "255445075489",
            "id": "sg-08312fdc7cc888855",
            "region": "us-east-1"
          },
          "private": "eyJlMmJmYjczMC1lY2FhLTExZTYtOGY4OC0zNDM2M2JjN2M0YzAiOnsiY3JlYXRlIjo2MDAwMDAwMDAwMDAsImRlbGV0ZSI6OTAwMDAwMDAwMDAwfSwic2NoZW1hX3ZlcnNpb24iOiIxIn0=",
          "dependencies": [
            "data.aws_availability_zones.available",
            "module.ec2_public.data.aws_subnet.this",
            "module.vpc.aws_subnet.public",
            "module.vpc.aws_vpc.this",
            "module.vpc.aws_vpc_ipv4_cidr_block_association.this"
          ],
          "create_before_destroy": true
        }
      ]
    },
    {
      "module": "module.ec2_public",
      "mode": "managed",
      "type": "aws_spot_instance_request",
      "name": "this",
      "provider": "provider[\"registry.terraform.io/hashicorp/aws\"]",
      "instances": []
    },
    {
      "module": "module.ec2_public",
      "mode": "managed",
      "type": "aws_volume_attachment",
      "name": "this",
      "provider": "provider[\"registry.terraform.io/hashicorp/aws\"]",
      "instances": []
    },
    {
      "module": "module.ec2_public",
      "mode": "managed",
      "type": "aws_vpc_security_group_egress_rule",
      "name": "this",
      "provider": "provider[\"registry.terraform.io/hashicorp/aws\"]",
      "instances": [
        {
          "index_key": "ipv4_default",
          "schema_version": 0,
          "attributes": {
            "arn": "arn:aws:ec2:us-east-1:255445075489:security-group-rule/sgr-0b5a0fe7ceaabd78c",
            "cidr_ipv4": "0.0.0.0/0",
            "cidr_ipv6": null,
            "description": "Allow all IPv4 traffic",
            "from_port": null,
            "id": "sgr-0b5a0fe7ceaabd78c",
            "ip_protocol": "-1",
            "prefix_list_id": null,
            "referenced_security_group_id": null,
            "region": "us-east-1",
            "security_group_id": "sg-08312fdc7cc888855",
            "security_group_rule_id": "sgr-0b5a0fe7ceaabd78c",
            "tags": {
              "Name": "hr-stag-BastionHost-ipv4_default",
              "environment": "stag",
              "owners": "hr"
            },
            "tags_all": {
              "Name": "hr-stag-BastionHost-ipv4_default",
              "environment": "stag",
              "owners": "hr"
            },
            "to_port": null
          },
          "sensitive_attributes": [],
          "identity_schema_version": 0,
          "identity": {
            "account_id": "255445075489",
            "id": "sgr-0b5a0fe7ceaabd78c",
            "region": "us-east-1"
          },
          "dependencies": [
            "data.aws_availability_zones.available",
            "module.ec2_public.aws_security_group.this",
            "module.ec2_public.data.aws_subnet.this",
            "module.vpc.aws_subnet.public",
            "module.vpc.aws_vpc.this",
            "module.vpc.aws_vpc_ipv4_cidr_block_association.this"
          ]
        },
        {
          "index_key": "ipv6_default",
          "schema_version": 0,
          "attributes": {
            "arn": "arn:aws:ec2:us-east-1:255445075489:security-group-rule/sgr-04404d4e20e99c3a1",
            "cidr_ipv4": null,
            "cidr_ipv6": "::/0",
            "description": "Allow all IPv6 traffic",
            "from_port": null,
            "id": "sgr-04404d4e20e99c3a1",
            "ip_protocol": "-1",
            "prefix_list_id": null,
            "referenced_security_group_id": null,
            "region": "us-east-1",
            "security_group_id": "sg-08312fdc7cc888855",
            "security_group_rule_id": "sgr-04404d4e20e99c3a1",
            "tags": {
              "Name": "hr-stag-BastionHost-ipv6_default",
              "environment": "stag",
              "owners": "hr"
            },
            "tags_all": {
              "Name": "hr-stag-BastionHost-ipv6_default",
              "environment": "stag",
              "owners": "hr"
            },
            "to_port": null
          },
          "sensitive_attributes": [],
          "identity_schema_version": 0,
          "identity": {
            "account_id": "255445075489",
            "id": "sgr-04404d4e20e99c3a1",
            "region": "us-east-1"
          },
          "dependencies": [
            "data.aws_availability_zones.available",
            "module.ec2_public.aws_security_group.this",
            "module.ec2_public.data.aws_subnet.this",
            "module.vpc.aws_subnet.public",
            "module.vpc.aws_vpc.this",
            "module.vpc.aws_vpc_ipv4_cidr_block_association.this"
          ]
        }
      ]
    },
    {
      "module": "module.ec2_public",
      "mode": "managed",
      "type": "aws_vpc_security_group_ingress_rule",
      "name": "this",
      "provider": "provider[\"registry.terraform.io/hashicorp/aws\"]",
      "instances": []
    },
    {
      "module": "module.public_bastion_sg",
      "mode": "managed",
      "type": "aws_security_group",
      "name": "this",
      "provider": "provider[\"registry.terraform.io/hashicorp/aws\"]",
      "instances": []
    },
    {
      "module": "module.public_bastion_sg",
      "mode": "managed",
      "type": "aws_security_group",
      "name": "this_name_prefix",
      "provider": "provider[\"registry.terraform.io/hashicorp/aws\"]",
      "instances": [
        {
          "index_key": 0,
          "schema_version": 1,
          "attributes": {
            "arn": "arn:aws:ec2:us-east-1:255445075489:security-group/sg-01ed959c87c69c83c",
            "description": "Security Group with SSH port open for everybody (IPv4 CIDR), egress ports are all world open",
            "egress": [
              {
                "cidr_blocks": [
                  "0.0.0.0/0"
                ],
                "description": "All protocols",
                "from_port": 0,
                "ipv6_cidr_blocks": [
                  "::/0"
                ],
                "prefix_list_ids": [],
                "protocol": "-1",
                "security_groups": [],
                "self": false,
                "to_port": 0
              }
            ],
            "id": "sg-01ed959c87c69c83c",
            "ingress": [
              {
                "cidr_blocks": [
                  "0.0.0.0/0"
                ],
                "description": "SSH",
                "from_port": 22,
                "ipv6_cidr_blocks": [],
                "prefix_list_ids": [],
                "protocol": "tcp",
                "security_groups": [],
                "self": false,
                "to_port": 22
              }
            ],
            "name": "hr-stag-public-bastion-sg-20260530085133112700000004",
            "name_prefix": "hr-stag-public-bastion-sg-",
            "owner_id": "255445075489",
            "region": "us-east-1",
            "revoke_rules_on_delete": false,
            "tags": {
              "Name": "hr-stag-public-bastion-sg",
              "environment": "stag",
              "owners": "hr"
            },
            "tags_all": {
              "Name": "hr-stag-public-bastion-sg",
              "environment": "stag",
              "owners": "hr"
            },
            "timeouts": {
              "create": "10m",
              "delete": "15m"
            },
            "vpc_id": "vpc-004e6a1145854501e"
          },
          "sensitive_attributes": [],
          "identity_schema_version": 0,
          "identity": {
            "account_id": "255445075489",
            "id": "sg-01ed959c87c69c83c",
            "region": "us-east-1"
          },
          "private": "eyJlMmJmYjczMC1lY2FhLTExZTYtOGY4OC0zNDM2M2JjN2M0YzAiOnsiY3JlYXRlIjo2MDAwMDAwMDAwMDAsImRlbGV0ZSI6OTAwMDAwMDAwMDAwfSwic2NoZW1hX3ZlcnNpb24iOiIxIn0=",
          "dependencies": [
            "module.vpc.aws_vpc.this"
          ],
          "create_before_destroy": true
        }
      ]
    },
    {
      "module": "module.public_bastion_sg",
      "mode": "managed",
      "type": "aws_security_group_rule",
      "name": "computed_egress_rules",
      "provider": "provider[\"registry.terraform.io/hashicorp/aws\"]",
      "instances": []
    },
    {
      "module": "module.public_bastion_sg",
      "mode": "managed",
      "type": "aws_security_group_rule",
      "name": "computed_egress_with_cidr_blocks",
      "provider": "provider[\"registry.terraform.io/hashicorp/aws\"]",
      "instances": []
    },
    {
      "module": "module.public_bastion_sg",
      "mode": "managed",
      "type": "aws_security_group_rule",
      "name": "computed_egress_with_ipv6_cidr_blocks",
      "provider": "provider[\"registry.terraform.io/hashicorp/aws\"]",
      "instances": []
    },
    {
      "module": "module.public_bastion_sg",
      "mode": "managed",
      "type": "aws_security_group_rule",
      "name": "computed_egress_with_prefix_list_ids",
      "provider": "provider[\"registry.terraform.io/hashicorp/aws\"]",
      "instances": []
    },
    {
      "module": "module.public_bastion_sg",
      "mode": "managed",
      "type": "aws_security_group_rule",
      "name": "computed_egress_with_self",
      "provider": "provider[\"registry.terraform.io/hashicorp/aws\"]",
      "instances": []
    },
    {
      "module": "module.public_bastion_sg",
      "mode": "managed",
      "type": "aws_security_group_rule",
      "name": "computed_egress_with_source_security_group_id",
      "provider": "provider[\"registry.terraform.io/hashicorp/aws\"]",
      "instances": []
    },
    {
      "module": "module.public_bastion_sg",
      "mode": "managed",
      "type": "aws_security_group_rule",
      "name": "computed_ingress_rules",
      "provider": "provider[\"registry.terraform.io/hashicorp/aws\"]",
      "instances": []
    },
    {
      "module": "module.public_bastion_sg",
      "mode": "managed",
      "type": "aws_security_group_rule",
      "name": "computed_ingress_with_cidr_blocks",
      "provider": "provider[\"registry.terraform.io/hashicorp/aws\"]",
      "instances": []
    },
    {
      "module": "module.public_bastion_sg",
      "mode": "managed",
      "type": "aws_security_group_rule",
      "name": "computed_ingress_with_ipv6_cidr_blocks",
      "provider": "provider[\"registry.terraform.io/hashicorp/aws\"]",
      "instances": []
    },
    {
      "module": "module.public_bastion_sg",
      "mode": "managed",
      "type": "aws_security_group_rule",
      "name": "computed_ingress_with_prefix_list_ids",
      "provider": "provider[\"registry.terraform.io/hashicorp/aws\"]",
      "instances": []
    },
    {
      "module": "module.public_bastion_sg",
      "mode": "managed",
      "type": "aws_security_group_rule",
      "name": "computed_ingress_with_self",
      "provider": "provider[\"registry.terraform.io/hashicorp/aws\"]",
      "instances": []
    },
    {
      "module": "module.public_bastion_sg",
      "mode": "managed",
      "type": "aws_security_group_rule",
      "name": "computed_ingress_with_source_security_group_id",
      "provider": "provider[\"registry.terraform.io/hashicorp/aws\"]",
      "instances": []
    },
    {
      "module": "module.public_bastion_sg",
      "mode": "managed",
      "type": "aws_security_group_rule",
      "name": "egress_rules",
      "provider": "provider[\"registry.terraform.io/hashicorp/aws\"]",
      "instances": [
        {
          "index_key": 0,
          "schema_version": 2,
          "attributes": {
            "cidr_blocks": [
              "0.0.0.0/0"
            ],
            "description": "All protocols",
            "from_port": 0,
            "id": "sgrule-2845886721",
            "ipv6_cidr_blocks": [
              "::/0"
            ],
            "prefix_list_ids": [],
            "protocol": "-1",
            "region": "us-east-1",
            "security_group_id": "sg-01ed959c87c69c83c",
            "security_group_rule_id": "",
            "self": false,
            "source_security_group_id": null,
            "timeouts": null,
            "to_port": 0,
            "type": "egress"
          },
          "sensitive_attributes": [],
          "identity_schema_version": 0,
          "private": "eyJlMmJmYjczMC1lY2FhLTExZTYtOGY4OC0zNDM2M2JjN2M0YzAiOnsiY3JlYXRlIjozMDAwMDAwMDAwMDB9LCJzY2hlbWFfdmVyc2lvbiI6IjIifQ==",
          "dependencies": [
            "module.public_bastion_sg.aws_security_group.this",
            "module.public_bastion_sg.aws_security_group.this_name_prefix",
            "module.vpc.aws_vpc.this"
          ]
        }
      ]
    },
    {
      "module": "module.public_bastion_sg",
      "mode": "managed",
      "type": "aws_security_group_rule",
      "name": "egress_with_cidr_blocks",
      "provider": "provider[\"registry.terraform.io/hashicorp/aws\"]",
      "instances": []
    },
    {
      "module": "module.public_bastion_sg",
      "mode": "managed",
      "type": "aws_security_group_rule",
      "name": "egress_with_ipv6_cidr_blocks",
      "provider": "provider[\"registry.terraform.io/hashicorp/aws\"]",
      "instances": []
    },
    {
      "module": "module.public_bastion_sg",
      "mode": "managed",
      "type": "aws_security_group_rule",
      "name": "egress_with_prefix_list_ids",
      "provider": "provider[\"registry.terraform.io/hashicorp/aws\"]",
      "instances": []
    },
    {
      "module": "module.public_bastion_sg",
      "mode": "managed",
      "type": "aws_security_group_rule",
      "name": "egress_with_self",
      "provider": "provider[\"registry.terraform.io/hashicorp/aws\"]",
      "instances": []
    },
    {
      "module": "module.public_bastion_sg",
      "mode": "managed",
      "type": "aws_security_group_rule",
      "name": "egress_with_source_security_group_id",
      "provider": "provider[\"registry.terraform.io/hashicorp/aws\"]",
      "instances": []
    },
    {
      "module": "module.public_bastion_sg",
      "mode": "managed",
      "type": "aws_security_group_rule",
      "name": "ingress_rules",
      "provider": "provider[\"registry.terraform.io/hashicorp/aws\"]",
      "instances": [
        {
          "index_key": 0,
          "schema_version": 2,
          "attributes": {
            "cidr_blocks": [
              "0.0.0.0/0"
            ],
            "description": "SSH",
            "from_port": 22,
            "id": "sgrule-127629227",
            "ipv6_cidr_blocks": [],
            "prefix_list_ids": [],
            "protocol": "tcp",
            "region": "us-east-1",
            "security_group_id": "sg-01ed959c87c69c83c",
            "security_group_rule_id": "sgr-0bbd29b7881f38d76",
            "self": false,
            "source_security_group_id": null,
            "timeouts": null,
            "to_port": 22,
            "type": "ingress"
          },
          "sensitive_attributes": [],
          "identity_schema_version": 0,
          "private": "eyJlMmJmYjczMC1lY2FhLTExZTYtOGY4OC0zNDM2M2JjN2M0YzAiOnsiY3JlYXRlIjozMDAwMDAwMDAwMDB9LCJzY2hlbWFfdmVyc2lvbiI6IjIifQ==",
          "dependencies": [
            "module.public_bastion_sg.aws_security_group.this",
            "module.public_bastion_sg.aws_security_group.this_name_prefix",
            "module.vpc.aws_vpc.this"
          ]
        }
      ]
    },
    {
      "module": "module.public_bastion_sg",
      "mode": "managed",
      "type": "aws_security_group_rule",
      "name": "ingress_with_cidr_blocks",
      "provider": "provider[\"registry.terraform.io/hashicorp/aws\"]",
      "instances": []
    },
    {
      "module": "module.public_bastion_sg",
      "mode": "managed",
      "type": "aws_security_group_rule",
      "name": "ingress_with_ipv6_cidr_blocks",
      "provider": "provider[\"registry.terraform.io/hashicorp/aws\"]",
      "instances": []
    },
    {
      "module": "module.public_bastion_sg",
      "mode": "managed",
      "type": "aws_security_group_rule",
      "name": "ingress_with_prefix_list_ids",
      "provider": "provider[\"registry.terraform.io/hashicorp/aws\"]",
      "instances": []
    },
    {
      "module": "module.public_bastion_sg",
      "mode": "managed",
      "type": "aws_security_group_rule",
      "name": "ingress_with_self",
      "provider": "provider[\"registry.terraform.io/hashicorp/aws\"]",
      "instances": []
    },
    {
      "module": "module.public_bastion_sg",
      "mode": "managed",
      "type": "aws_security_group_rule",
      "name": "ingress_with_source_security_group_id",
      "provider": "provider[\"registry.terraform.io/hashicorp/aws\"]",
      "instances": []
    },
    {
      "module": "module.vpc",
      "mode": "data",
      "type": "aws_iam_policy_document",
      "name": "flow_log_cloudwatch_assume_role",
      "provider": "provider[\"registry.terraform.io/hashicorp/aws\"]",
      "instances": []
    },
    {
      "module": "module.vpc",
      "mode": "data",
      "type": "aws_iam_policy_document",
      "name": "vpc_flow_log_cloudwatch",
      "provider": "provider[\"registry.terraform.io/hashicorp/aws\"]",
      "instances": []
    },
    {
      "module": "module.vpc",
      "mode": "managed",
      "type": "aws_cloudwatch_log_group",
      "name": "flow_log",
      "provider": "provider[\"registry.terraform.io/hashicorp/aws\"]",
      "instances": []
    },
    {
      "module": "module.vpc",
      "mode": "managed",
      "type": "aws_customer_gateway",
      "name": "this",
      "provider": "provider[\"registry.terraform.io/hashicorp/aws\"]",
      "instances": []
    },
    {
      "module": "module.vpc",
      "mode": "managed",
      "type": "aws_db_subnet_group",
      "name": "database",
      "provider": "provider[\"registry.terraform.io/hashicorp/aws\"]",
      "instances": [
        {
          "index_key": 0,
          "schema_version": 0,
          "attributes": {
            "arn": "arn:aws:rds:us-east-1:255445075489:subgrp:hr-stag-eksdemo1",
            "description": "Database subnet group for hr-stag-eksdemo1",
            "id": "hr-stag-eksdemo1",
            "name": "hr-stag-eksdemo1",
            "name_prefix": "",
            "region": "us-east-1",
            "subnet_ids": [
              "subnet-04401746d7190c3e9",
              "subnet-0c811684b30895507"
            ],
            "supported_network_types": [
              "IPV4"
            ],
            "tags": {
              "Name": "hr-stag-eksdemo1",
              "environment": "stag",
              "owners": "hr"
            },
            "tags_all": {
              "Name": "hr-stag-eksdemo1",
              "environment": "stag",
              "owners": "hr"
            },
            "vpc_id": "vpc-004e6a1145854501e"
          },
          "sensitive_attributes": [],
          "identity_schema_version": 0,
          "identity": {
            "account_id": "255445075489",
            "name": "hr-stag-eksdemo1",
            "region": "us-east-1"
          },
          "private": "bnVsbA==",
          "dependencies": [
            "data.aws_availability_zones.available",
            "module.vpc.aws_subnet.database",
            "module.vpc.aws_vpc.this",
            "module.vpc.aws_vpc_ipv4_cidr_block_association.this"
          ]
        }
      ]
    },
    {
      "module": "module.vpc",
      "mode": "managed",
      "type": "aws_default_network_acl",
      "name": "this",
      "provider": "provider[\"registry.terraform.io/hashicorp/aws\"]",
      "instances": [
        {
          "index_key": 0,
          "schema_version": 0,
          "attributes": {
            "arn": "arn:aws:ec2:us-east-1:255445075489:network-acl/acl-088d0691d4811cf26",
            "default_network_acl_id": "acl-088d0691d4811cf26",
            "egress": [
              {
                "action": "allow",
                "cidr_block": "",
                "from_port": 0,
                "icmp_code": 0,
                "icmp_type": 0,
                "ipv6_cidr_block": "::/0",
                "protocol": "-1",
                "rule_no": 101,
                "to_port": 0
              },
              {
                "action": "allow",
                "cidr_block": "0.0.0.0/0",
                "from_port": 0,
                "icmp_code": 0,
                "icmp_type": 0,
                "ipv6_cidr_block": "",
                "protocol": "-1",
                "rule_no": 100,
                "to_port": 0
              }
            ],
            "id": "acl-088d0691d4811cf26",
            "ingress": [
              {
                "action": "allow",
                "cidr_block": "",
                "from_port": 0,
                "icmp_code": 0,
                "icmp_type": 0,
                "ipv6_cidr_block": "::/0",
                "protocol": "-1",
                "rule_no": 101,
                "to_port": 0
              },
              {
                "action": "allow",
                "cidr_block": "0.0.0.0/0",
                "from_port": 0,
                "icmp_code": 0,
                "icmp_type": 0,
                "ipv6_cidr_block": "",
                "protocol": "-1",
                "rule_no": 100,
                "to_port": 0
              }
            ],
            "owner_id": "255445075489",
            "region": "us-east-1",
            "subnet_ids": [
              "subnet-00ca5ef817c7cf631",
              "subnet-0335855ce0354ba75",
              "subnet-04401746d7190c3e9",
              "subnet-08182d6120f1d462a",
              "subnet-0b917e92bffd1d240",
              "subnet-0c811684b30895507"
            ],
            "tags": {
              "Name": "hr-stag-eksdemo1-default",
              "environment": "stag",
              "owners": "hr"
            },
            "tags_all": {
              "Name": "hr-stag-eksdemo1-default",
              "environment": "stag",
              "owners": "hr"
            },
            "vpc_id": "vpc-004e6a1145854501e"
          },
          "sensitive_attributes": [],
          "identity_schema_version": 0,
          "private": "bnVsbA==",
          "dependencies": [
            "module.vpc.aws_vpc.this"
          ]
        }
      ]
    },
    {
      "module": "module.vpc",
      "mode": "managed",
      "type": "aws_default_route_table",
      "name": "default",
      "provider": "provider[\"registry.terraform.io/hashicorp/aws\"]",
      "instances": [
        {
          "index_key": 0,
          "schema_version": 0,
          "attributes": {
            "arn": "arn:aws:ec2:us-east-1:255445075489:route-table/rtb-021d9c591567c2158",
            "default_route_table_id": "rtb-021d9c591567c2158",
            "id": "rtb-021d9c591567c2158",
            "owner_id": "255445075489",
            "propagating_vgws": [],
            "region": "us-east-1",
            "route": [],
            "tags": {
              "Name": "hr-stag-eksdemo1-default",
              "environment": "stag",
              "owners": "hr"
            },
            "tags_all": {
              "Name": "hr-stag-eksdemo1-default",
              "environment": "stag",
              "owners": "hr"
            },
            "timeouts": {
              "create": "5m",
              "update": "5m"
            },
            "vpc_id": "vpc-004e6a1145854501e"
          },
          "sensitive_attributes": [],
          "identity_schema_version": 0,
          "private": "eyJlMmJmYjczMC1lY2FhLTExZTYtOGY4OC0zNDM2M2JjN2M0YzAiOnsiY3JlYXRlIjozMDAwMDAwMDAwMDAsInVwZGF0ZSI6MzAwMDAwMDAwMDAwfX0=",
          "dependencies": [
            "module.vpc.aws_vpc.this"
          ]
        }
      ]
    },
    {
      "module": "module.vpc",
      "mode": "managed",
      "type": "aws_default_security_group",
      "name": "this",
      "provider": "provider[\"registry.terraform.io/hashicorp/aws\"]",
      "instances": [
        {
          "index_key": 0,
          "schema_version": 1,
          "attributes": {
            "arn": "arn:aws:ec2:us-east-1:255445075489:security-group/sg-0a2cc2293ca7f07c7",
            "description": "default VPC security group",
            "egress": [],
            "id": "sg-0a2cc2293ca7f07c7",
            "ingress": [],
            "name": "default",
            "name_prefix": "",
            "owner_id": "255445075489",
            "region": "us-east-1",
            "revoke_rules_on_delete": false,
            "tags": {
              "Name": "hr-stag-eksdemo1-default",
              "environment": "stag",
              "owners": "hr"
            },
            "tags_all": {
              "Name": "hr-stag-eksdemo1-default",
              "environment": "stag",
              "owners": "hr"
            },
            "vpc_id": "vpc-004e6a1145854501e"
          },
          "sensitive_attributes": [],
          "identity_schema_version": 0,
          "private": "eyJzY2hlbWFfdmVyc2lvbiI6IjEifQ==",
          "dependencies": [
            "module.vpc.aws_vpc.this"
          ]
        }
      ]
    },
    {
      "module": "module.vpc",
      "mode": "managed",
      "type": "aws_default_vpc",
      "name": "this",
      "provider": "provider[\"registry.terraform.io/hashicorp/aws\"]",
      "instances": []
    },
    {
      "module": "module.vpc",
      "mode": "managed",
      "type": "aws_egress_only_internet_gateway",
      "name": "this",
      "provider": "provider[\"registry.terraform.io/hashicorp/aws\"]",
      "instances": []
    },
    {
      "module": "module.vpc",
      "mode": "managed",
      "type": "aws_eip",
      "name": "nat",
      "provider": "provider[\"registry.terraform.io/hashicorp/aws\"]",
      "instances": [
        {
          "index_key": 0,
          "schema_version": 0,
          "attributes": {
            "address": null,
            "allocation_id": "eipalloc-0c56c648f8d2a82aa",
            "arn": "arn:aws:ec2:us-east-1:255445075489:elastic-ip/eipalloc-0c56c648f8d2a82aa",
            "associate_with_private_ip": null,
            "association_id": "eipassoc-0076c6d762a4c75a6",
            "carrier_ip": "",
            "customer_owned_ip": "",
            "customer_owned_ipv4_pool": "",
            "domain": "vpc",
            "id": "eipalloc-0c56c648f8d2a82aa",
            "instance": "",
            "ipam_pool_id": "",
            "network_border_group": "us-east-1",
            "network_interface": "eni-02f184bf493e5cbcd",
            "private_dns": "ip-10-0-101-123.ec2.internal",
            "private_ip": "10.0.101.123",
            "ptr_record": "",
            "public_dns": "ec2-184-73-204-104.compute-1.amazonaws.com",
            "public_ip": "184.73.204.104",
            "public_ipv4_pool": "amazon",
            "region": "us-east-1",
            "tags": {
              "Name": "hr-stag-eksdemo1-us-east-1a",
              "environment": "stag",
              "owners": "hr"
            },
            "tags_all": {
              "Name": "hr-stag-eksdemo1-us-east-1a",
              "environment": "stag",
              "owners": "hr"
            },
            "timeouts": null
          },
          "sensitive_attributes": [],
          "identity_schema_version": 0,
          "identity": {
            "account_id": "255445075489",
            "id": "eipalloc-0c56c648f8d2a82aa",
            "region": "us-east-1"
          },
          "private": "eyJlMmJmYjczMC1lY2FhLTExZTYtOGY4OC0zNDM2M2JjN2M0YzAiOnsiZGVsZXRlIjoxODAwMDAwMDAwMDAsInJlYWQiOjkwMDAwMDAwMDAwMCwidXBkYXRlIjozMDAwMDAwMDAwMDB9fQ==",
          "dependencies": [
            "data.aws_availability_zones.available",
            "module.vpc.aws_internet_gateway.this",
            "module.vpc.aws_vpc.this",
            "module.vpc.aws_vpc_ipv4_cidr_block_association.this"
          ]
        }
      ]
    },
    {
      "module": "module.vpc",
      "mode": "managed",
      "type": "aws_elasticache_subnet_group",
      "name": "elasticache",
      "provider": "provider[\"registry.terraform.io/hashicorp/aws\"]",
      "instances": []
    },
    {
      "module": "module.vpc",
      "mode": "managed",
      "type": "aws_flow_log",
      "name": "this",
      "provider": "provider[\"registry.terraform.io/hashicorp/aws\"]",
      "instances": []
    },
    {
      "module": "module.vpc",
      "mode": "managed",
      "type": "aws_iam_policy",
      "name": "vpc_flow_log_cloudwatch",
      "provider": "provider[\"registry.terraform.io/hashicorp/aws\"]",
      "instances": []
    },
    {
      "module": "module.vpc",
      "mode": "managed",
      "type": "aws_iam_role",
      "name": "vpc_flow_log_cloudwatch",
      "provider": "provider[\"registry.terraform.io/hashicorp/aws\"]",
      "instances": []
    },
    {
      "module": "module.vpc",
      "mode": "managed",
      "type": "aws_iam_role_policy_attachment",
      "name": "vpc_flow_log_cloudwatch",
      "provider": "provider[\"registry.terraform.io/hashicorp/aws\"]",
      "instances": []
    },
    {
      "module": "module.vpc",
      "mode": "managed",
      "type": "aws_internet_gateway",
      "name": "this",
      "provider": "provider[\"registry.terraform.io/hashicorp/aws\"]",
      "instances": [
        {
          "index_key": 0,
          "schema_version": 0,
          "attributes": {
            "arn": "arn:aws:ec2:us-east-1:255445075489:internet-gateway/igw-011bc4a476b616747",
            "id": "igw-011bc4a476b616747",
            "owner_id": "255445075489",
            "region": "us-east-1",
            "tags": {
              "Name": "hr-stag-eksdemo1",
              "environment": "stag",
              "owners": "hr"
            },
            "tags_all": {
              "Name": "hr-stag-eksdemo1",
              "environment": "stag",
              "owners": "hr"
            },
            "timeouts": null,
            "vpc_id": "vpc-004e6a1145854501e"
          },
          "sensitive_attributes": [],
          "identity_schema_version": 0,
          "identity": {
            "account_id": "255445075489",
            "id": "igw-011bc4a476b616747",
            "region": "us-east-1"
          },
          "private": "eyJlMmJmYjczMC1lY2FhLTExZTYtOGY4OC0zNDM2M2JjN2M0YzAiOnsiY3JlYXRlIjoxMjAwMDAwMDAwMDAwLCJkZWxldGUiOjEyMDAwMDAwMDAwMDAsInVwZGF0ZSI6MTIwMDAwMDAwMDAwMH19",
          "dependencies": [
            "module.vpc.aws_vpc.this",
            "module.vpc.aws_vpc_ipv4_cidr_block_association.this"
          ]
        }
      ]
    },
    {
      "module": "module.vpc",
      "mode": "managed",
      "type": "aws_nat_gateway",
      "name": "this",
      "provider": "provider[\"registry.terraform.io/hashicorp/aws\"]",
      "instances": [
        {
          "index_key": 0,
          "schema_version": 0,
          "attributes": {
            "allocation_id": "eipalloc-0c56c648f8d2a82aa",
            "association_id": "eipassoc-0076c6d762a4c75a6",
            "auto_provision_zones": null,
            "auto_scaling_ips": null,
            "availability_mode": "zonal",
            "availability_zone_address": [],
            "connectivity_type": "public",
            "id": "nat-0accf02588ff499a9",
            "network_interface_id": "eni-02f184bf493e5cbcd",
            "private_ip": "10.0.101.123",
            "public_ip": "184.73.204.104",
            "region": "us-east-1",
            "regional_nat_gateway_address": [],
            "regional_nat_gateway_auto_mode": null,
            "route_table_id": null,
            "secondary_allocation_ids": [],
            "secondary_private_ip_address_count": 0,
            "secondary_private_ip_addresses": [],
            "subnet_id": "subnet-00ca5ef817c7cf631",
            "tags": {
              "Name": "hr-stag-eksdemo1-us-east-1a",
              "environment": "stag",
              "owners": "hr"
            },
            "tags_all": {
              "Name": "hr-stag-eksdemo1-us-east-1a",
              "environment": "stag",
              "owners": "hr"
            },
            "timeouts": null,
            "vpc_id": "vpc-004e6a1145854501e"
          },
          "sensitive_attributes": [],
          "identity_schema_version": 0,
          "identity": {
            "account_id": "255445075489",
            "id": "nat-0accf02588ff499a9",
            "region": "us-east-1"
          },
          "private": "eyJlMmJmYjczMC1lY2FhLTExZTYtOGY4OC0zNDM2M2JjN2M0YzAiOnsiY3JlYXRlIjo2MDAwMDAwMDAwMDAsImRlbGV0ZSI6MTgwMDAwMDAwMDAwMCwidXBkYXRlIjo2MDAwMDAwMDAwMDB9fQ==",
          "dependencies": [
            "data.aws_availability_zones.available",
            "module.vpc.aws_eip.nat",
            "module.vpc.aws_internet_gateway.this",
            "module.vpc.aws_subnet.public",
            "module.vpc.aws_vpc.this",
            "module.vpc.aws_vpc_ipv4_cidr_block_association.this"
          ]
        }
      ]
    },
    {
      "module": "module.vpc",
      "mode": "managed",
      "type": "aws_network_acl",
      "name": "database",
      "provider": "provider[\"registry.terraform.io/hashicorp/aws\"]",
      "instances": []
    },
    {
      "module": "module.vpc",
      "mode": "managed",
      "type": "aws_network_acl",
      "name": "elasticache",
      "provider": "provider[\"registry.terraform.io/hashicorp/aws\"]",
      "instances": []
    },
    {
      "module": "module.vpc",
      "mode": "managed",
      "type": "aws_network_acl",
      "name": "intra",
      "provider": "provider[\"registry.terraform.io/hashicorp/aws\"]",
      "instances": []
    },
    {
      "module": "module.vpc",
      "mode": "managed",
      "type": "aws_network_acl",
      "name": "outpost",
      "provider": "provider[\"registry.terraform.io/hashicorp/aws\"]",
      "instances": []
    },
    {
      "module": "module.vpc",
      "mode": "managed",
      "type": "aws_network_acl",
      "name": "private",
      "provider": "provider[\"registry.terraform.io/hashicorp/aws\"]",
      "instances": []
    },
    {
      "module": "module.vpc",
      "mode": "managed",
      "type": "aws_network_acl",
      "name": "public",
      "provider": "provider[\"registry.terraform.io/hashicorp/aws\"]",
      "instances": []
    },
    {
      "module": "module.vpc",
      "mode": "managed",
      "type": "aws_network_acl",
      "name": "redshift",
      "provider": "provider[\"registry.terraform.io/hashicorp/aws\"]",
      "instances": []
    },
    {
      "module": "module.vpc",
      "mode": "managed",
      "type": "aws_network_acl_rule",
      "name": "database_inbound",
      "provider": "provider[\"registry.terraform.io/hashicorp/aws\"]",
      "instances": []
    },
    {
      "module": "module.vpc",
      "mode": "managed",
      "type": "aws_network_acl_rule",
      "name": "database_outbound",
      "provider": "provider[\"registry.terraform.io/hashicorp/aws\"]",
      "instances": []
    },
    {
      "module": "module.vpc",
      "mode": "managed",
      "type": "aws_network_acl_rule",
      "name": "elasticache_inbound",
      "provider": "provider[\"registry.terraform.io/hashicorp/aws\"]",
      "instances": []
    },
    {
      "module": "module.vpc",
      "mode": "managed",
      "type": "aws_network_acl_rule",
      "name": "elasticache_outbound",
      "provider": "provider[\"registry.terraform.io/hashicorp/aws\"]",
      "instances": []
    },
    {
      "module": "module.vpc",
      "mode": "managed",
      "type": "aws_network_acl_rule",
      "name": "intra_inbound",
      "provider": "provider[\"registry.terraform.io/hashicorp/aws\"]",
      "instances": []
    },
    {
      "module": "module.vpc",
      "mode": "managed",
      "type": "aws_network_acl_rule",
      "name": "intra_outbound",
      "provider": "provider[\"registry.terraform.io/hashicorp/aws\"]",
      "instances": []
    },
    {
      "module": "module.vpc",
      "mode": "managed",
      "type": "aws_network_acl_rule",
      "name": "outpost_inbound",
      "provider": "provider[\"registry.terraform.io/hashicorp/aws\"]",
      "instances": []
    },
    {
      "module": "module.vpc",
      "mode": "managed",
      "type": "aws_network_acl_rule",
      "name": "outpost_outbound",
      "provider": "provider[\"registry.terraform.io/hashicorp/aws\"]",
      "instances": []
    },
    {
      "module": "module.vpc",
      "mode": "managed",
      "type": "aws_network_acl_rule",
      "name": "private_inbound",
      "provider": "provider[\"registry.terraform.io/hashicorp/aws\"]",
      "instances": []
    },
    {
      "module": "module.vpc",
      "mode": "managed",
      "type": "aws_network_acl_rule",
      "name": "private_outbound",
      "provider": "provider[\"registry.terraform.io/hashicorp/aws\"]",
      "instances": []
    },
    {
      "module": "module.vpc",
      "mode": "managed",
      "type": "aws_network_acl_rule",
      "name": "public_inbound",
      "provider": "provider[\"registry.terraform.io/hashicorp/aws\"]",
      "instances": []
    },
    {
      "module": "module.vpc",
      "mode": "managed",
      "type": "aws_network_acl_rule",
      "name": "public_outbound",
      "provider": "provider[\"registry.terraform.io/hashicorp/aws\"]",
      "instances": []
    },
    {
      "module": "module.vpc",
      "mode": "managed",
      "type": "aws_network_acl_rule",
      "name": "redshift_inbound",
      "provider": "provider[\"registry.terraform.io/hashicorp/aws\"]",
      "instances": []
    },
    {
      "module": "module.vpc",
      "mode": "managed",
      "type": "aws_network_acl_rule",
      "name": "redshift_outbound",
      "provider": "provider[\"registry.terraform.io/hashicorp/aws\"]",
      "instances": []
    },
    {
      "module": "module.vpc",
      "mode": "managed",
      "type": "aws_redshift_subnet_group",
      "name": "redshift",
      "provider": "provider[\"registry.terraform.io/hashicorp/aws\"]",
      "instances": []
    },
    {
      "module": "module.vpc",
      "mode": "managed",
      "type": "aws_route",
      "name": "database_dns64_nat_gateway",
      "provider": "provider[\"registry.terraform.io/hashicorp/aws\"]",
      "instances": []
    },
    {
      "module": "module.vpc",
      "mode": "managed",
      "type": "aws_route",
      "name": "database_internet_gateway",
      "provider": "provider[\"registry.terraform.io/hashicorp/aws\"]",
      "instances": []
    },
    {
      "module": "module.vpc",
      "mode": "managed",
      "type": "aws_route",
      "name": "database_ipv6_egress",
      "provider": "provider[\"registry.terraform.io/hashicorp/aws\"]",
      "instances": []
    },
    {
      "module": "module.vpc",
      "mode": "managed",
      "type": "aws_route",
      "name": "database_nat_gateway",
      "provider": "provider[\"registry.terraform.io/hashicorp/aws\"]",
      "instances": []
    },
    {
      "module": "module.vpc",
      "mode": "managed",
      "type": "aws_route",
      "name": "private_dns64_nat_gateway",
      "provider": "provider[\"registry.terraform.io/hashicorp/aws\"]",
      "instances": []
    },
    {
      "module": "module.vpc",
      "mode": "managed",
      "type": "aws_route",
      "name": "private_ipv6_egress",
      "provider": "provider[\"registry.terraform.io/hashicorp/aws\"]",
      "instances": []
    },
    {
      "module": "module.vpc",
      "mode": "managed",
      "type": "aws_route",
      "name": "private_nat_gateway",
      "provider": "provider[\"registry.terraform.io/hashicorp/aws\"]",
      "instances": [
        {
          "index_key": 0,
          "schema_version": 0,
          "attributes": {
            "carrier_gateway_id": "",
            "core_network_arn": "",
            "destination_cidr_block": "0.0.0.0/0",
            "destination_ipv6_cidr_block": "",
            "destination_prefix_list_id": "",
            "egress_only_gateway_id": "",
            "gateway_id": "",
            "id": "r-rtb-076a5ea9dd89fa9de1080289494",
            "instance_id": "",
            "instance_owner_id": "",
            "local_gateway_id": "",
            "nat_gateway_id": "nat-0accf02588ff499a9",
            "network_interface_id": "",
            "odb_network_arn": "",
            "origin": "CreateRoute",
            "region": "us-east-1",
            "route_table_id": "rtb-076a5ea9dd89fa9de",
            "state": "active",
            "timeouts": {
              "create": "5m",
              "delete": null,
              "update": null
            },
            "transit_gateway_id": "",
            "vpc_endpoint_id": "",
            "vpc_peering_connection_id": ""
          },
          "sensitive_attributes": [],
          "identity_schema_version": 0,
          "identity": {
            "account_id": "255445075489",
            "destination_cidr_block": "0.0.0.0/0",
            "destination_ipv6_cidr_block": null,
            "destination_prefix_list_id": null,
            "region": "us-east-1",
            "route_table_id": "rtb-076a5ea9dd89fa9de"
          },
          "private": "eyJlMmJmYjczMC1lY2FhLTExZTYtOGY4OC0zNDM2M2JjN2M0YzAiOnsiY3JlYXRlIjozMDAwMDAwMDAwMDAsImRlbGV0ZSI6MzAwMDAwMDAwMDAwLCJ1cGRhdGUiOjEyMDAwMDAwMDAwMH19",
          "dependencies": [
            "data.aws_availability_zones.available",
            "module.vpc.aws_eip.nat",
            "module.vpc.aws_internet_gateway.this",
            "module.vpc.aws_nat_gateway.this",
            "module.vpc.aws_route_table.private",
            "module.vpc.aws_subnet.public",
            "module.vpc.aws_vpc.this",
            "module.vpc.aws_vpc_ipv4_cidr_block_association.this"
          ]
        }
      ]
    },
    {
      "module": "module.vpc",
      "mode": "managed",
      "type": "aws_route",
      "name": "public_internet_gateway",
      "provider": "provider[\"registry.terraform.io/hashicorp/aws\"]",
      "instances": [
        {
          "index_key": 0,
          "schema_version": 0,
          "attributes": {
            "carrier_gateway_id": "",
            "core_network_arn": "",
            "destination_cidr_block": "0.0.0.0/0",
            "destination_ipv6_cidr_block": "",
            "destination_prefix_list_id": "",
            "egress_only_gateway_id": "",
            "gateway_id": "igw-011bc4a476b616747",
            "id": "r-rtb-075feddc5840ac8c01080289494",
            "instance_id": "",
            "instance_owner_id": "",
            "local_gateway_id": "",
            "nat_gateway_id": "",
            "network_interface_id": "",
            "odb_network_arn": "",
            "origin": "CreateRoute",
            "region": "us-east-1",
            "route_table_id": "rtb-075feddc5840ac8c0",
            "state": "active",
            "timeouts": {
              "create": "5m",
              "delete": null,
              "update": null
            },
            "transit_gateway_id": "",
            "vpc_endpoint_id": "",
            "vpc_peering_connection_id": ""
          },
          "sensitive_attributes": [],
          "identity_schema_version": 0,
          "identity": {
            "account_id": "255445075489",
            "destination_cidr_block": "0.0.0.0/0",
            "destination_ipv6_cidr_block": null,
            "destination_prefix_list_id": null,
            "region": "us-east-1",
            "route_table_id": "rtb-075feddc5840ac8c0"
          },
          "private": "eyJlMmJmYjczMC1lY2FhLTExZTYtOGY4OC0zNDM2M2JjN2M0YzAiOnsiY3JlYXRlIjozMDAwMDAwMDAwMDAsImRlbGV0ZSI6MzAwMDAwMDAwMDAwLCJ1cGRhdGUiOjEyMDAwMDAwMDAwMH19",
          "dependencies": [
            "module.vpc.aws_internet_gateway.this",
            "module.vpc.aws_route_table.public",
            "module.vpc.aws_vpc.this",
            "module.vpc.aws_vpc_ipv4_cidr_block_association.this"
          ]
        }
      ]
    },
    {
      "module": "module.vpc",
      "mode": "managed",
      "type": "aws_route",
      "name": "public_internet_gateway_ipv6",
      "provider": "provider[\"registry.terraform.io/hashicorp/aws\"]",
      "instances": []
    },
    {
      "module": "module.vpc",
      "mode": "managed",
      "type": "aws_route_table",
      "name": "database",
      "provider": "provider[\"registry.terraform.io/hashicorp/aws\"]",
      "instances": [
        {
          "index_key": 0,
          "schema_version": 0,
          "attributes": {
            "arn": "arn:aws:ec2:us-east-1:255445075489:route-table/rtb-0047cc67f9e52ddc4",
            "id": "rtb-0047cc67f9e52ddc4",
            "owner_id": "255445075489",
            "propagating_vgws": [],
            "region": "us-east-1",
            "route": [],
            "tags": {
              "Name": "hr-stag-eksdemo1-db",
              "environment": "stag",
              "owners": "hr"
            },
            "tags_all": {
              "Name": "hr-stag-eksdemo1-db",
              "environment": "stag",
              "owners": "hr"
            },
            "timeouts": null,
            "vpc_id": "vpc-004e6a1145854501e"
          },
          "sensitive_attributes": [],
          "identity_schema_version": 0,
          "identity": {
            "account_id": "255445075489",
            "id": "rtb-0047cc67f9e52ddc4",
            "region": "us-east-1"
          },
          "private": "eyJlMmJmYjczMC1lY2FhLTExZTYtOGY4OC0zNDM2M2JjN2M0YzAiOnsiY3JlYXRlIjozMDAwMDAwMDAwMDAsImRlbGV0ZSI6MzAwMDAwMDAwMDAwLCJ1cGRhdGUiOjEyMDAwMDAwMDAwMH19",
          "dependencies": [
            "data.aws_availability_zones.available",
            "module.vpc.aws_vpc.this",
            "module.vpc.aws_vpc_ipv4_cidr_block_association.this"
          ]
        }
      ]
    },
    {
      "module": "module.vpc",
      "mode": "managed",
      "type": "aws_route_table",
      "name": "elasticache",
      "provider": "provider[\"registry.terraform.io/hashicorp/aws\"]",
      "instances": []
    },
    {
      "module": "module.vpc",
      "mode": "managed",
      "type": "aws_route_table",
      "name": "intra",
      "provider": "provider[\"registry.terraform.io/hashicorp/aws\"]",
      "instances": []
    },
    {
      "module": "module.vpc",
      "mode": "managed",
      "type": "aws_route_table",
      "name": "private",
      "provider": "provider[\"registry.terraform.io/hashicorp/aws\"]",
      "instances": [
        {
          "index_key": 0,
          "schema_version": 0,
          "attributes": {
            "arn": "arn:aws:ec2:us-east-1:255445075489:route-table/rtb-076a5ea9dd89fa9de",
            "id": "rtb-076a5ea9dd89fa9de",
            "owner_id": "255445075489",
            "propagating_vgws": [],
            "region": "us-east-1",
            "route": [
              {
                "carrier_gateway_id": "",
                "cidr_block": "0.0.0.0/0",
                "core_network_arn": "",
                "destination_prefix_list_id": "",
                "egress_only_gateway_id": "",
                "gateway_id": "",
                "ipv6_cidr_block": "",
                "local_gateway_id": "",
                "nat_gateway_id": "nat-0accf02588ff499a9",
                "network_interface_id": "",
                "odb_network_arn": "",
                "transit_gateway_id": "",
                "vpc_endpoint_id": "",
                "vpc_peering_connection_id": ""
              }
            ],
            "tags": {
              "Name": "hr-stag-eksdemo1-private",
              "environment": "stag",
              "owners": "hr"
            },
            "tags_all": {
              "Name": "hr-stag-eksdemo1-private",
              "environment": "stag",
              "owners": "hr"
            },
            "timeouts": null,
            "vpc_id": "vpc-004e6a1145854501e"
          },
          "sensitive_attributes": [],
          "identity_schema_version": 0,
          "identity": {
            "account_id": "255445075489",
            "id": "rtb-076a5ea9dd89fa9de",
            "region": "us-east-1"
          },
          "private": "eyJlMmJmYjczMC1lY2FhLTExZTYtOGY4OC0zNDM2M2JjN2M0YzAiOnsiY3JlYXRlIjozMDAwMDAwMDAwMDAsImRlbGV0ZSI6MzAwMDAwMDAwMDAwLCJ1cGRhdGUiOjEyMDAwMDAwMDAwMH19",
          "dependencies": [
            "data.aws_availability_zones.available",
            "module.vpc.aws_vpc.this",
            "module.vpc.aws_vpc_ipv4_cidr_block_association.this"
          ]
        }
      ]
    },
    {
      "module": "module.vpc",
      "mode": "managed",
      "type": "aws_route_table",
      "name": "public",
      "provider": "provider[\"registry.terraform.io/hashicorp/aws\"]",
      "instances": [
        {
          "index_key": 0,
          "schema_version": 0,
          "attributes": {
            "arn": "arn:aws:ec2:us-east-1:255445075489:route-table/rtb-075feddc5840ac8c0",
            "id": "rtb-075feddc5840ac8c0",
            "owner_id": "255445075489",
            "propagating_vgws": [],
            "region": "us-east-1",
            "route": [
              {
                "carrier_gateway_id": "",
                "cidr_block": "0.0.0.0/0",
                "core_network_arn": "",
                "destination_prefix_list_id": "",
                "egress_only_gateway_id": "",
                "gateway_id": "igw-011bc4a476b616747",
                "ipv6_cidr_block": "",
                "local_gateway_id": "",
                "nat_gateway_id": "",
                "network_interface_id": "",
                "odb_network_arn": "",
                "transit_gateway_id": "",
                "vpc_endpoint_id": "",
                "vpc_peering_connection_id": ""
              }
            ],
            "tags": {
              "Name": "hr-stag-eksdemo1-public",
              "environment": "stag",
              "owners": "hr"
            },
            "tags_all": {
              "Name": "hr-stag-eksdemo1-public",
              "environment": "stag",
              "owners": "hr"
            },
            "timeouts": null,
            "vpc_id": "vpc-004e6a1145854501e"
          },
          "sensitive_attributes": [],
          "identity_schema_version": 0,
          "identity": {
            "account_id": "255445075489",
            "id": "rtb-075feddc5840ac8c0",
            "region": "us-east-1"
          },
          "private": "eyJlMmJmYjczMC1lY2FhLTExZTYtOGY4OC0zNDM2M2JjN2M0YzAiOnsiY3JlYXRlIjozMDAwMDAwMDAwMDAsImRlbGV0ZSI6MzAwMDAwMDAwMDAwLCJ1cGRhdGUiOjEyMDAwMDAwMDAwMH19",
          "dependencies": [
            "module.vpc.aws_vpc.this",
            "module.vpc.aws_vpc_ipv4_cidr_block_association.this"
          ]
        }
      ]
    },
    {
      "module": "module.vpc",
      "mode": "managed",
      "type": "aws_route_table",
      "name": "redshift",
      "provider": "provider[\"registry.terraform.io/hashicorp/aws\"]",
      "instances": []
    },
    {
      "module": "module.vpc",
      "mode": "managed",
      "type": "aws_route_table_association",
      "name": "database",
      "provider": "provider[\"registry.terraform.io/hashicorp/aws\"]",
      "instances": [
        {
          "index_key": 0,
          "schema_version": 0,
          "attributes": {
            "gateway_id": "",
            "id": "rtbassoc-08f45bea4b4e37ee1",
            "region": "us-east-1",
            "route_table_id": "rtb-0047cc67f9e52ddc4",
            "subnet_id": "subnet-04401746d7190c3e9",
            "timeouts": null
          },
          "sensitive_attributes": [],
          "identity_schema_version": 0,
          "identity": {
            "account_id": "255445075489",
            "id": "rtbassoc-08f45bea4b4e37ee1",
            "region": "us-east-1"
          },
          "private": "eyJlMmJmYjczMC1lY2FhLTExZTYtOGY4OC0zNDM2M2JjN2M0YzAiOnsiY3JlYXRlIjozMDAwMDAwMDAwMDAsImRlbGV0ZSI6MzAwMDAwMDAwMDAwLCJ1cGRhdGUiOjEyMDAwMDAwMDAwMH19",
          "dependencies": [
            "data.aws_availability_zones.available",
            "module.vpc.aws_route_table.database",
            "module.vpc.aws_route_table.private",
            "module.vpc.aws_subnet.database",
            "module.vpc.aws_vpc.this",
            "module.vpc.aws_vpc_ipv4_cidr_block_association.this"
          ]
        },
        {
          "index_key": 1,
          "schema_version": 0,
          "attributes": {
            "gateway_id": "",
            "id": "rtbassoc-0c2fcfc4d24be4098",
            "region": "us-east-1",
            "route_table_id": "rtb-0047cc67f9e52ddc4",
            "subnet_id": "subnet-0c811684b30895507",
            "timeouts": null
          },
          "sensitive_attributes": [],
          "identity_schema_version": 0,
          "identity": {
            "account_id": "255445075489",
            "id": "rtbassoc-0c2fcfc4d24be4098",
            "region": "us-east-1"
          },
          "private": "eyJlMmJmYjczMC1lY2FhLTExZTYtOGY4OC0zNDM2M2JjN2M0YzAiOnsiY3JlYXRlIjozMDAwMDAwMDAwMDAsImRlbGV0ZSI6MzAwMDAwMDAwMDAwLCJ1cGRhdGUiOjEyMDAwMDAwMDAwMH19",
          "dependencies": [
            "data.aws_availability_zones.available",
            "module.vpc.aws_route_table.database",
            "module.vpc.aws_route_table.private",
            "module.vpc.aws_subnet.database",
            "module.vpc.aws_vpc.this",
            "module.vpc.aws_vpc_ipv4_cidr_block_association.this"
          ]
        }
      ]
    },
    {
      "module": "module.vpc",
      "mode": "managed",
      "type": "aws_route_table_association",
      "name": "elasticache",
      "provider": "provider[\"registry.terraform.io/hashicorp/aws\"]",
      "instances": []
    },
    {
      "module": "module.vpc",
      "mode": "managed",
      "type": "aws_route_table_association",
      "name": "intra",
      "provider": "provider[\"registry.terraform.io/hashicorp/aws\"]",
      "instances": []
    },
    {
      "module": "module.vpc",
      "mode": "managed",
      "type": "aws_route_table_association",
      "name": "outpost",
      "provider": "provider[\"registry.terraform.io/hashicorp/aws\"]",
      "instances": []
    },
    {
      "module": "module.vpc",
      "mode": "managed",
      "type": "aws_route_table_association",
      "name": "private",
      "provider": "provider[\"registry.terraform.io/hashicorp/aws\"]",
      "instances": [
        {
          "index_key": 0,
          "schema_version": 0,
          "attributes": {
            "gateway_id": "",
            "id": "rtbassoc-0235d9c5102fab186",
            "region": "us-east-1",
            "route_table_id": "rtb-076a5ea9dd89fa9de",
            "subnet_id": "subnet-08182d6120f1d462a",
            "timeouts": null
          },
          "sensitive_attributes": [],
          "identity_schema_version": 0,
          "identity": {
            "account_id": "255445075489",
            "id": "rtbassoc-0235d9c5102fab186",
            "region": "us-east-1"
          },
          "private": "eyJlMmJmYjczMC1lY2FhLTExZTYtOGY4OC0zNDM2M2JjN2M0YzAiOnsiY3JlYXRlIjozMDAwMDAwMDAwMDAsImRlbGV0ZSI6MzAwMDAwMDAwMDAwLCJ1cGRhdGUiOjEyMDAwMDAwMDAwMH19",
          "dependencies": [
            "data.aws_availability_zones.available",
            "module.vpc.aws_route_table.private",
            "module.vpc.aws_subnet.private",
            "module.vpc.aws_vpc.this",
            "module.vpc.aws_vpc_ipv4_cidr_block_association.this"
          ]
        },
        {
          "index_key": 1,
          "schema_version": 0,
          "attributes": {
            "gateway_id": "",
            "id": "rtbassoc-0b8606e538d727755",
            "region": "us-east-1",
            "route_table_id": "rtb-076a5ea9dd89fa9de",
            "subnet_id": "subnet-0b917e92bffd1d240",
            "timeouts": null
          },
          "sensitive_attributes": [],
          "identity_schema_version": 0,
          "identity": {
            "account_id": "255445075489",
            "id": "rtbassoc-0b8606e538d727755",
            "region": "us-east-1"
          },
          "private": "eyJlMmJmYjczMC1lY2FhLTExZTYtOGY4OC0zNDM2M2JjN2M0YzAiOnsiY3JlYXRlIjozMDAwMDAwMDAwMDAsImRlbGV0ZSI6MzAwMDAwMDAwMDAwLCJ1cGRhdGUiOjEyMDAwMDAwMDAwMH19",
          "dependencies": [
            "data.aws_availability_zones.available",
            "module.vpc.aws_route_table.private",
            "module.vpc.aws_subnet.private",
            "module.vpc.aws_vpc.this",
            "module.vpc.aws_vpc_ipv4_cidr_block_association.this"
          ]
        }
      ]
    },
    {
      "module": "module.vpc",
      "mode": "managed",
      "type": "aws_route_table_association",
      "name": "public",
      "provider": "provider[\"registry.terraform.io/hashicorp/aws\"]",
      "instances": [
        {
          "index_key": 0,
          "schema_version": 0,
          "attributes": {
            "gateway_id": "",
            "id": "rtbassoc-00b15e9b7f4081965",
            "region": "us-east-1",
            "route_table_id": "rtb-075feddc5840ac8c0",
            "subnet_id": "subnet-00ca5ef817c7cf631",
            "timeouts": null
          },
          "sensitive_attributes": [],
          "identity_schema_version": 0,
          "identity": {
            "account_id": "255445075489",
            "id": "rtbassoc-00b15e9b7f4081965",
            "region": "us-east-1"
          },
          "private": "eyJlMmJmYjczMC1lY2FhLTExZTYtOGY4OC0zNDM2M2JjN2M0YzAiOnsiY3JlYXRlIjozMDAwMDAwMDAwMDAsImRlbGV0ZSI6MzAwMDAwMDAwMDAwLCJ1cGRhdGUiOjEyMDAwMDAwMDAwMH19",
          "dependencies": [
            "data.aws_availability_zones.available",
            "module.vpc.aws_route_table.public",
            "module.vpc.aws_subnet.public",
            "module.vpc.aws_vpc.this",
            "module.vpc.aws_vpc_ipv4_cidr_block_association.this"
          ]
        },
        {
          "index_key": 1,
          "schema_version": 0,
          "attributes": {
            "gateway_id": "",
            "id": "rtbassoc-052cc6034abbfe7a2",
            "region": "us-east-1",
            "route_table_id": "rtb-075feddc5840ac8c0",
            "subnet_id": "subnet-0335855ce0354ba75",
            "timeouts": null
          },
          "sensitive_attributes": [],
          "identity_schema_version": 0,
          "identity": {
            "account_id": "255445075489",
            "id": "rtbassoc-052cc6034abbfe7a2",
            "region": "us-east-1"
          },
          "private": "eyJlMmJmYjczMC1lY2FhLTExZTYtOGY4OC0zNDM2M2JjN2M0YzAiOnsiY3JlYXRlIjozMDAwMDAwMDAwMDAsImRlbGV0ZSI6MzAwMDAwMDAwMDAwLCJ1cGRhdGUiOjEyMDAwMDAwMDAwMH19",
          "dependencies": [
            "data.aws_availability_zones.available",
            "module.vpc.aws_route_table.public",
            "module.vpc.aws_subnet.public",
            "module.vpc.aws_vpc.this",
            "module.vpc.aws_vpc_ipv4_cidr_block_association.this"
          ]
        }
      ]
    },
    {
      "module": "module.vpc",
      "mode": "managed",
      "type": "aws_route_table_association",
      "name": "redshift",
      "provider": "provider[\"registry.terraform.io/hashicorp/aws\"]",
      "instances": []
    },
    {
      "module": "module.vpc",
      "mode": "managed",
      "type": "aws_route_table_association",
      "name": "redshift_public",
      "provider": "provider[\"registry.terraform.io/hashicorp/aws\"]",
      "instances": []
    },
    {
      "module": "module.vpc",
      "mode": "managed",
      "type": "aws_subnet",
      "name": "database",
      "provider": "provider[\"registry.terraform.io/hashicorp/aws\"]",
      "instances": [
        {
          "index_key": 0,
          "schema_version": 1,
          "attributes": {
            "arn": "arn:aws:ec2:us-east-1:255445075489:subnet/subnet-04401746d7190c3e9",
            "assign_ipv6_address_on_creation": false,
            "availability_zone": "us-east-1a",
            "availability_zone_id": "use1-az1",
            "cidr_block": "10.0.151.0/24",
            "customer_owned_ipv4_pool": "",
            "enable_dns64": false,
            "enable_lni_at_device_index": 0,
            "enable_resource_name_dns_a_record_on_launch": false,
            "enable_resource_name_dns_aaaa_record_on_launch": false,
            "id": "subnet-04401746d7190c3e9",
            "ipv4_ipam_pool_id": null,
            "ipv4_netmask_length": null,
            "ipv6_cidr_block": "",
            "ipv6_cidr_block_association_id": "",
            "ipv6_ipam_pool_id": null,
            "ipv6_native": false,
            "ipv6_netmask_length": null,
            "map_customer_owned_ip_on_launch": false,
            "map_public_ip_on_launch": false,
            "outpost_arn": "",
            "owner_id": "255445075489",
            "private_dns_hostname_type_on_launch": "ip-name",
            "region": "us-east-1",
            "tags": {
              "Name": "hr-stag-eksdemo1-db-us-east-1a",
              "Type": "database-subnets",
              "environment": "stag",
              "owners": "hr"
            },
            "tags_all": {
              "Name": "hr-stag-eksdemo1-db-us-east-1a",
              "Type": "database-subnets",
              "environment": "stag",
              "owners": "hr"
            },
            "timeouts": null,
            "vpc_id": "vpc-004e6a1145854501e"
          },
          "sensitive_attributes": [],
          "identity_schema_version": 0,
          "identity": {
            "account_id": "255445075489",
            "id": "subnet-04401746d7190c3e9",
            "region": "us-east-1"
          },
          "private": "eyJlMmJmYjczMC1lY2FhLTExZTYtOGY4OC0zNDM2M2JjN2M0YzAiOnsiY3JlYXRlIjo2MDAwMDAwMDAwMDAsImRlbGV0ZSI6MTIwMDAwMDAwMDAwMH0sInNjaGVtYV92ZXJzaW9uIjoiMSJ9",
          "dependencies": [
            "data.aws_availability_zones.available",
            "module.vpc.aws_vpc.this",
            "module.vpc.aws_vpc_ipv4_cidr_block_association.this"
          ]
        },
        {
          "index_key": 1,
          "schema_version": 1,
          "attributes": {
            "arn": "arn:aws:ec2:us-east-1:255445075489:subnet/subnet-0c811684b30895507",
            "assign_ipv6_address_on_creation": false,
            "availability_zone": "us-east-1b",
            "availability_zone_id": "use1-az2",
            "cidr_block": "10.0.152.0/24",
            "customer_owned_ipv4_pool": "",
            "enable_dns64": false,
            "enable_lni_at_device_index": 0,
            "enable_resource_name_dns_a_record_on_launch": false,
            "enable_resource_name_dns_aaaa_record_on_launch": false,
            "id": "subnet-0c811684b30895507",
            "ipv4_ipam_pool_id": null,
            "ipv4_netmask_length": null,
            "ipv6_cidr_block": "",
            "ipv6_cidr_block_association_id": "",
            "ipv6_ipam_pool_id": null,
            "ipv6_native": false,
            "ipv6_netmask_length": null,
            "map_customer_owned_ip_on_launch": false,
            "map_public_ip_on_launch": false,
            "outpost_arn": "",
            "owner_id": "255445075489",
            "private_dns_hostname_type_on_launch": "ip-name",
            "region": "us-east-1",
            "tags": {
              "Name": "hr-stag-eksdemo1-db-us-east-1b",
              "Type": "database-subnets",
              "environment": "stag",
              "owners": "hr"
            },
            "tags_all": {
              "Name": "hr-stag-eksdemo1-db-us-east-1b",
              "Type": "database-subnets",
              "environment": "stag",
              "owners": "hr"
            },
            "timeouts": null,
            "vpc_id": "vpc-004e6a1145854501e"
          },
          "sensitive_attributes": [],
          "identity_schema_version": 0,
          "identity": {
            "account_id": "255445075489",
            "id": "subnet-0c811684b30895507",
            "region": "us-east-1"
          },
          "private": "eyJlMmJmYjczMC1lY2FhLTExZTYtOGY4OC0zNDM2M2JjN2M0YzAiOnsiY3JlYXRlIjo2MDAwMDAwMDAwMDAsImRlbGV0ZSI6MTIwMDAwMDAwMDAwMH0sInNjaGVtYV92ZXJzaW9uIjoiMSJ9",
          "dependencies": [
            "data.aws_availability_zones.available",
            "module.vpc.aws_vpc.this",
            "module.vpc.aws_vpc_ipv4_cidr_block_association.this"
          ]
        }
      ]
    },
    {
      "module": "module.vpc",
      "mode": "managed",
      "type": "aws_subnet",
      "name": "elasticache",
      "provider": "provider[\"registry.terraform.io/hashicorp/aws\"]",
      "instances": []
    },
    {
      "module": "module.vpc",
      "mode": "managed",
      "type": "aws_subnet",
      "name": "intra",
      "provider": "provider[\"registry.terraform.io/hashicorp/aws\"]",
      "instances": []
    },
    {
      "module": "module.vpc",
      "mode": "managed",
      "type": "aws_subnet",
      "name": "outpost",
      "provider": "provider[\"registry.terraform.io/hashicorp/aws\"]",
      "instances": []
    },
    {
      "module": "module.vpc",
      "mode": "managed",
      "type": "aws_subnet",
      "name": "private",
      "provider": "provider[\"registry.terraform.io/hashicorp/aws\"]",
      "instances": [
        {
          "index_key": 0,
          "schema_version": 1,
          "attributes": {
            "arn": "arn:aws:ec2:us-east-1:255445075489:subnet/subnet-08182d6120f1d462a",
            "assign_ipv6_address_on_creation": false,
            "availability_zone": "us-east-1a",
            "availability_zone_id": "use1-az1",
            "cidr_block": "10.0.1.0/24",
            "customer_owned_ipv4_pool": "",
            "enable_dns64": false,
            "enable_lni_at_device_index": 0,
            "enable_resource_name_dns_a_record_on_launch": false,
            "enable_resource_name_dns_aaaa_record_on_launch": false,
            "id": "subnet-08182d6120f1d462a",
            "ipv4_ipam_pool_id": null,
            "ipv4_netmask_length": null,
            "ipv6_cidr_block": "",
            "ipv6_cidr_block_association_id": "",
            "ipv6_ipam_pool_id": null,
            "ipv6_native": false,
            "ipv6_netmask_length": null,
            "map_customer_owned_ip_on_launch": false,
            "map_public_ip_on_launch": false,
            "outpost_arn": "",
            "owner_id": "255445075489",
            "private_dns_hostname_type_on_launch": "ip-name",
            "region": "us-east-1",
            "tags": {
              "Name": "hr-stag-eksdemo1-private-us-east-1a",
              "Type": "private-subnets",
              "environment": "stag",
              "kubernetes.io/cluster/hr-stag-eksdemo1": "shared",
              "kubernetes.io/role/internal-elb": "1",
              "owners": "hr"
            },
            "tags_all": {
              "Name": "hr-stag-eksdemo1-private-us-east-1a",
              "Type": "private-subnets",
              "environment": "stag",
              "kubernetes.io/cluster/hr-stag-eksdemo1": "shared",
              "kubernetes.io/role/internal-elb": "1",
              "owners": "hr"
            },
            "timeouts": null,
            "vpc_id": "vpc-004e6a1145854501e"
          },
          "sensitive_attributes": [],
          "identity_schema_version": 0,
          "identity": {
            "account_id": "255445075489",
            "id": "subnet-08182d6120f1d462a",
            "region": "us-east-1"
          },
          "private": "eyJlMmJmYjczMC1lY2FhLTExZTYtOGY4OC0zNDM2M2JjN2M0YzAiOnsiY3JlYXRlIjo2MDAwMDAwMDAwMDAsImRlbGV0ZSI6MTIwMDAwMDAwMDAwMH0sInNjaGVtYV92ZXJzaW9uIjoiMSJ9",
          "dependencies": [
            "data.aws_availability_zones.available",
            "module.vpc.aws_vpc.this",
            "module.vpc.aws_vpc_ipv4_cidr_block_association.this"
          ]
        },
        {
          "index_key": 1,
          "schema_version": 1,
          "attributes": {
            "arn": "arn:aws:ec2:us-east-1:255445075489:subnet/subnet-0b917e92bffd1d240",
            "assign_ipv6_address_on_creation": false,
            "availability_zone": "us-east-1b",
            "availability_zone_id": "use1-az2",
            "cidr_block": "10.0.2.0/24",
            "customer_owned_ipv4_pool": "",
            "enable_dns64": false,
            "enable_lni_at_device_index": 0,
            "enable_resource_name_dns_a_record_on_launch": false,
            "enable_resource_name_dns_aaaa_record_on_launch": false,
            "id": "subnet-0b917e92bffd1d240",
            "ipv4_ipam_pool_id": null,
            "ipv4_netmask_length": null,
            "ipv6_cidr_block": "",
            "ipv6_cidr_block_association_id": "",
            "ipv6_ipam_pool_id": null,
            "ipv6_native": false,
            "ipv6_netmask_length": null,
            "map_customer_owned_ip_on_launch": false,
            "map_public_ip_on_launch": false,
            "outpost_arn": "",
            "owner_id": "255445075489",
            "private_dns_hostname_type_on_launch": "ip-name",
            "region": "us-east-1",
            "tags": {
              "Name": "hr-stag-eksdemo1-private-us-east-1b",
              "Type": "private-subnets",
              "environment": "stag",
              "kubernetes.io/cluster/hr-stag-eksdemo1": "shared",
              "kubernetes.io/role/internal-elb": "1",
              "owners": "hr"
            },
            "tags_all": {
              "Name": "hr-stag-eksdemo1-private-us-east-1b",
              "Type": "private-subnets",
              "environment": "stag",
              "kubernetes.io/cluster/hr-stag-eksdemo1": "shared",
              "kubernetes.io/role/internal-elb": "1",
              "owners": "hr"
            },
            "timeouts": null,
            "vpc_id": "vpc-004e6a1145854501e"
          },
          "sensitive_attributes": [],
          "identity_schema_version": 0,
          "identity": {
            "account_id": "255445075489",
            "id": "subnet-0b917e92bffd1d240",
            "region": "us-east-1"
          },
          "private": "eyJlMmJmYjczMC1lY2FhLTExZTYtOGY4OC0zNDM2M2JjN2M0YzAiOnsiY3JlYXRlIjo2MDAwMDAwMDAwMDAsImRlbGV0ZSI6MTIwMDAwMDAwMDAwMH0sInNjaGVtYV92ZXJzaW9uIjoiMSJ9",
          "dependencies": [
            "data.aws_availability_zones.available",
            "module.vpc.aws_vpc.this",
            "module.vpc.aws_vpc_ipv4_cidr_block_association.this"
          ]
        }
      ]
    },
    {
      "module": "module.vpc",
      "mode": "managed",
      "type": "aws_subnet",
      "name": "public",
      "provider": "provider[\"registry.terraform.io/hashicorp/aws\"]",
      "instances": [
        {
          "index_key": 0,
          "schema_version": 1,
          "attributes": {
            "arn": "arn:aws:ec2:us-east-1:255445075489:subnet/subnet-00ca5ef817c7cf631",
            "assign_ipv6_address_on_creation": false,
            "availability_zone": "us-east-1a",
            "availability_zone_id": "use1-az1",
            "cidr_block": "10.0.101.0/24",
            "customer_owned_ipv4_pool": "",
            "enable_dns64": false,
            "enable_lni_at_device_index": 0,
            "enable_resource_name_dns_a_record_on_launch": false,
            "enable_resource_name_dns_aaaa_record_on_launch": false,
            "id": "subnet-00ca5ef817c7cf631",
            "ipv4_ipam_pool_id": null,
            "ipv4_netmask_length": null,
            "ipv6_cidr_block": "",
            "ipv6_cidr_block_association_id": "",
            "ipv6_ipam_pool_id": null,
            "ipv6_native": false,
            "ipv6_netmask_length": null,
            "map_customer_owned_ip_on_launch": false,
            "map_public_ip_on_launch": true,
            "outpost_arn": "",
            "owner_id": "255445075489",
            "private_dns_hostname_type_on_launch": "ip-name",
            "region": "us-east-1",
            "tags": {
              "Name": "hr-stag-eksdemo1-public-us-east-1a",
              "Type": "Public Subnets",
              "environment": "stag",
              "kubernetes.io/cluster/hr-stag-eksdemo1": "shared",
              "kubernetes.io/role/elb": "1",
              "owners": "hr"
            },
            "tags_all": {
              "Name": "hr-stag-eksdemo1-public-us-east-1a",
              "Type": "Public Subnets",
              "environment": "stag",
              "kubernetes.io/cluster/hr-stag-eksdemo1": "shared",
              "kubernetes.io/role/elb": "1",
              "owners": "hr"
            },
            "timeouts": null,
            "vpc_id": "vpc-004e6a1145854501e"
          },
          "sensitive_attributes": [],
          "identity_schema_version": 0,
          "identity": {
            "account_id": "255445075489",
            "id": "subnet-00ca5ef817c7cf631",
            "region": "us-east-1"
          },
          "private": "eyJlMmJmYjczMC1lY2FhLTExZTYtOGY4OC0zNDM2M2JjN2M0YzAiOnsiY3JlYXRlIjo2MDAwMDAwMDAwMDAsImRlbGV0ZSI6MTIwMDAwMDAwMDAwMH0sInNjaGVtYV92ZXJzaW9uIjoiMSJ9",
          "dependencies": [
            "data.aws_availability_zones.available",
            "module.vpc.aws_vpc.this",
            "module.vpc.aws_vpc_ipv4_cidr_block_association.this"
          ],
          "create_before_destroy": true
        },
        {
          "index_key": 1,
          "schema_version": 1,
          "attributes": {
            "arn": "arn:aws:ec2:us-east-1:255445075489:subnet/subnet-0335855ce0354ba75",
            "assign_ipv6_address_on_creation": false,
            "availability_zone": "us-east-1b",
            "availability_zone_id": "use1-az2",
            "cidr_block": "10.0.102.0/24",
            "customer_owned_ipv4_pool": "",
            "enable_dns64": false,
            "enable_lni_at_device_index": 0,
            "enable_resource_name_dns_a_record_on_launch": false,
            "enable_resource_name_dns_aaaa_record_on_launch": false,
            "id": "subnet-0335855ce0354ba75",
            "ipv4_ipam_pool_id": null,
            "ipv4_netmask_length": null,
            "ipv6_cidr_block": "",
            "ipv6_cidr_block_association_id": "",
            "ipv6_ipam_pool_id": null,
            "ipv6_native": false,
            "ipv6_netmask_length": null,
            "map_customer_owned_ip_on_launch": false,
            "map_public_ip_on_launch": true,
            "outpost_arn": "",
            "owner_id": "255445075489",
            "private_dns_hostname_type_on_launch": "ip-name",
            "region": "us-east-1",
            "tags": {
              "Name": "hr-stag-eksdemo1-public-us-east-1b",
              "Type": "Public Subnets",
              "environment": "stag",
              "kubernetes.io/cluster/hr-stag-eksdemo1": "shared",
              "kubernetes.io/role/elb": "1",
              "owners": "hr"
            },
            "tags_all": {
              "Name": "hr-stag-eksdemo1-public-us-east-1b",
              "Type": "Public Subnets",
              "environment": "stag",
              "kubernetes.io/cluster/hr-stag-eksdemo1": "shared",
              "kubernetes.io/role/elb": "1",
              "owners": "hr"
            },
            "timeouts": null,
            "vpc_id": "vpc-004e6a1145854501e"
          },
          "sensitive_attributes": [],
          "identity_schema_version": 0,
          "identity": {
            "account_id": "255445075489",
            "id": "subnet-0335855ce0354ba75",
            "region": "us-east-1"
          },
          "private": "eyJlMmJmYjczMC1lY2FhLTExZTYtOGY4OC0zNDM2M2JjN2M0YzAiOnsiY3JlYXRlIjo2MDAwMDAwMDAwMDAsImRlbGV0ZSI6MTIwMDAwMDAwMDAwMH0sInNjaGVtYV92ZXJzaW9uIjoiMSJ9",
          "dependencies": [
            "data.aws_availability_zones.available",
            "module.vpc.aws_vpc.this",
            "module.vpc.aws_vpc_ipv4_cidr_block_association.this"
          ],
          "create_before_destroy": true
        }
      ]
    },
    {
      "module": "module.vpc",
      "mode": "managed",
      "type": "aws_subnet",
      "name": "redshift",
      "provider": "provider[\"registry.terraform.io/hashicorp/aws\"]",
      "instances": []
    },
    {
      "module": "module.vpc",
      "mode": "managed",
      "type": "aws_vpc",
      "name": "this",
      "provider": "provider[\"registry.terraform.io/hashicorp/aws\"]",
      "instances": [
        {
          "index_key": 0,
          "schema_version": 1,
          "attributes": {
            "arn": "arn:aws:ec2:us-east-1:255445075489:vpc/vpc-004e6a1145854501e",
            "assign_generated_ipv6_cidr_block": false,
            "cidr_block": "10.0.0.0/16",
            "default_network_acl_id": "acl-088d0691d4811cf26",
            "default_route_table_id": "rtb-021d9c591567c2158",
            "default_security_group_id": "sg-0a2cc2293ca7f07c7",
            "dhcp_options_id": "dopt-0bd2011963ea72026",
            "enable_dns_hostnames": true,
            "enable_dns_support": true,
            "enable_network_address_usage_metrics": false,
            "id": "vpc-004e6a1145854501e",
            "instance_tenancy": "default",
            "ipv4_ipam_pool_id": null,
            "ipv4_netmask_length": null,
            "ipv6_association_id": "",
            "ipv6_cidr_block": "",
            "ipv6_cidr_block_network_border_group": "",
            "ipv6_ipam_pool_id": "",
            "ipv6_netmask_length": 0,
            "main_route_table_id": "rtb-021d9c591567c2158",
            "owner_id": "255445075489",
            "region": "us-east-1",
            "tags": {
              "Name": "hr-stag-eksdemo1",
              "environment": "stag",
              "owners": "hr"
            },
            "tags_all": {
              "Name": "hr-stag-eksdemo1",
              "environment": "stag",
              "owners": "hr"
            }
          },
          "sensitive_attributes": [],
          "identity_schema_version": 0,
          "identity": {
            "account_id": "255445075489",
            "id": "vpc-004e6a1145854501e",
            "region": "us-east-1"
          },
          "private": "eyJzY2hlbWFfdmVyc2lvbiI6IjEifQ==",
          "create_before_destroy": true
        }
      ]
    },
    {
      "module": "module.vpc",
      "mode": "managed",
      "type": "aws_vpc_dhcp_options",
      "name": "this",
      "provider": "provider[\"registry.terraform.io/hashicorp/aws\"]",
      "instances": []
    },
    {
      "module": "module.vpc",
      "mode": "managed",
      "type": "aws_vpc_dhcp_options_association",
      "name": "this",
      "provider": "provider[\"registry.terraform.io/hashicorp/aws\"]",
      "instances": []
    },
    {
      "module": "module.vpc",
      "mode": "managed",
      "type": "aws_vpc_ipv4_cidr_block_association",
      "name": "this",
      "provider": "provider[\"registry.terraform.io/hashicorp/aws\"]",
      "instances": []
    },
    {
      "module": "module.vpc",
      "mode": "managed",
      "type": "aws_vpn_gateway",
      "name": "this",
      "provider": "provider[\"registry.terraform.io/hashicorp/aws\"]",
      "instances": []
    },
    {
      "module": "module.vpc",
      "mode": "managed",
      "type": "aws_vpn_gateway_attachment",
      "name": "this",
      "provider": "provider[\"registry.terraform.io/hashicorp/aws\"]",
      "instances": []
    },
    {
      "module": "module.vpc",
      "mode": "managed",
      "type": "aws_vpn_gateway_route_propagation",
      "name": "intra",
      "provider": "provider[\"registry.terraform.io/hashicorp/aws\"]",
      "instances": []
    },
    {
      "module": "module.vpc",
      "mode": "managed",
      "type": "aws_vpn_gateway_route_propagation",
      "name": "private",
      "provider": "provider[\"registry.terraform.io/hashicorp/aws\"]",
      "instances": []
    },
    {
      "module": "module.vpc",
      "mode": "managed",
      "type": "aws_vpn_gateway_route_propagation",
      "name": "public",
      "provider": "provider[\"registry.terraform.io/hashicorp/aws\"]",
      "instances": []
    }
  ],
  "check_results": null
}
